
Microsoft Visual Studio Solution File, Format Version 11.00
# Visual Studio 2010
Project("{FAE04EC0-301F-11D3-BF4B-00C04F79EFBC}") = "Unity.Timeline", "Unity.Timeline.csproj", "{042b0946-cde8-757e-114d-687132b62833}"
EndProject
Project("{FAE04EC0-301F-11D3-BF4B-00C04F79EFBC}") = "Unity.Timeline.Editor", "Unity.Timeline.Editor.csproj", "{bf33309b-a477-3909-6893-c6d2727be5ff}"
EndProject
Project("{FAE04EC0-301F-11D3-BF4B-00C04F79EFBC}") = "Unity.TextMeshPro.Editor", "Unity.TextMeshPro.Editor.csproj", "{8bfa9274-b4cb-f14d-e817-6899620fb289}"
EndProject
Project("{FAE04EC0-301F-11D3-BF4B-00C04F79EFBC}") = "Unity.2D.Aseprite.Editor", "Unity.2D.Aseprite.Editor.csproj", "{d52215c3-5dca-ae11-250c-abe234182e2a}"
EndProject
Project("{FAE04EC0-301F-11D3-BF4B-00C04F79EFBC}") = "Unity.VisualScripting.Flow", "Unity.VisualScripting.Flow.csproj", "{ab67c1d9-48f1-a3ad-3979-a01bf5616350}"
EndProject
Project("{FAE04EC0-301F-11D3-BF4B-00C04F79EFBC}") = "Unity.PlasticSCM.Editor", "Unity.PlasticSCM.Editor.csproj", "{419d5e0d-3697-e485-ab3e-b8ddc653671f}"
EndProject
Project("{FAE04EC0-301F-11D3-BF4B-00C04F79EFBC}") = "Unity.2D.Psdimporter.Editor", "Unity.2D.Psdimporter.Editor.csproj", "{2e541a17-e19f-ab2d-18cc-7334c0081895}"
EndProject
Project("{FAE04EC0-301F-11D3-BF4B-00C04F79EFBC}") = "Unity.InputSystem", "Unity.InputSystem.csproj", "{6513df32-2fa7-2d95-9578-e7ac597231ba}"
EndProject
Project("{FAE04EC0-301F-11D3-BF4B-00C04F79EFBC}") = "Unity.VisualScripting.Core", "Unity.VisualScripting.Core.csproj", "{560b37cf-e7df-a562-e18a-0a57a9d897bb}"
EndProject
Project("{FAE04EC0-301F-11D3-BF4B-00C04F79EFBC}") = "Unity.Mathematics", "Unity.Mathematics.csproj", "{43097d03-f5b7-a478-e8b9-4387da40b2cf}"
EndProject
Project("{FAE04EC0-301F-11D3-BF4B-00C04F79EFBC}") = "Unity.2D.Animation.Editor", "Unity.2D.Animation.Editor.csproj", "{c25ca3a8-0046-7fef-a303-21aada8968db}"
EndProject
Project("{FAE04EC0-301F-11D3-BF4B-00C04F79EFBC}") = "Unity.2D.Common.Path.Editor", "Unity.2D.Common.Path.Editor.csproj", "{b89cf299-5da5-a839-1551-9154fbcaf01e}"
EndProject
Project("{FAE04EC0-301F-11D3-BF4B-00C04F79EFBC}") = "Unity.VisualScripting.Core.Editor", "Unity.VisualScripting.Core.Editor.csproj", "{fd54264a-ca75-f378-94b2-2de899f4e98a}"
EndProject
Project("{FAE04EC0-301F-11D3-BF4B-00C04F79EFBC}") = "Unity.2D.IK.Runtime", "Unity.2D.IK.Runtime.csproj", "{e84823a5-0be8-80f7-7b9d-8be9bdc2e9ed}"
EndProject
Project("{FAE04EC0-301F-11D3-BF4B-00C04F79EFBC}") = "Unity.VisualScripting.Flow.Editor", "Unity.VisualScripting.Flow.Editor.csproj", "{00628d0f-ded2-3155-8a3f-2fd1f6ded572}"
EndProject
Project("{FAE04EC0-301F-11D3-BF4B-00C04F79EFBC}") = "UnityEditor.TestRunner", "UnityEditor.TestRunner.csproj", "{f4d89029-e05f-0a7e-88d7-61c99f0909be}"
EndProject
Project("{FAE04EC0-301F-11D3-BF4B-00C04F79EFBC}") = "Unity.VisualScripting.SettingsProvider.Editor", "Unity.VisualScripting.SettingsProvider.Editor.csproj", "{b9b7f566-4a81-e448-ed51-c2b646eb4894}"
EndProject
Project("{FAE04EC0-301F-11D3-BF4B-00C04F79EFBC}") = "UnityEngine.TestRunner", "UnityEngine.TestRunner.csproj", "{e81792c2-3e6d-9c25-9642-c566935d0d6a}"
EndProject
Project("{FAE04EC0-301F-11D3-BF4B-00C04F79EFBC}") = "PsdPlugin", "PsdPlugin.csproj", "{9b31e530-fbf0-11f3-1925-5229d967a277}"
EndProject
Project("{FAE04EC0-301F-11D3-BF4B-00C04F79EFBC}") = "Unity.Burst", "Unity.Burst.csproj", "{1a633b47-0aba-05af-4320-a92ca71aaf50}"
EndProject
Project("{FAE04EC0-301F-11D3-BF4B-00C04F79EFBC}") = "Unity.2D.SpriteShape.Editor", "Unity.2D.SpriteShape.Editor.csproj", "{66bb418d-6a76-3171-8ad2-2a8c16610066}"
EndProject
Project("{FAE04EC0-301F-11D3-BF4B-00C04F79EFBC}") = "Unity.Collections", "Unity.Collections.csproj", "{62f77be3-44f4-4142-77d3-d0ebfaa15eed}"
EndProject
Project("{FAE04EC0-301F-11D3-BF4B-00C04F79EFBC}") = "Unity.VisualStudio.Editor", "Unity.VisualStudio.Editor.csproj", "{ef60ef9a-efbb-e61f-caf7-286547415b76}"
EndProject
Project("{FAE04EC0-301F-11D3-BF4B-00C04F79EFBC}") = "Unity.2D.Tilemap.Extras.Editor", "Unity.2D.Tilemap.Extras.Editor.csproj", "{f77758f5-0e0b-2acd-ec55-07e847a3d290}"
EndProject
Project("{FAE04EC0-301F-11D3-BF4B-00C04F79EFBC}") = "Assembly-CSharp-Editor-firstpass", "Assembly-CSharp-Editor-firstpass.csproj", "{16dd99ca-f634-da3e-d014-f29117154146}"
EndProject
Project("{FAE04EC0-301F-11D3-BF4B-00C04F79EFBC}") = "Unity.Rider.Editor", "Unity.Rider.Editor.csproj", "{4f137dd6-74c4-8776-354e-b69c1a1aeda7}"
EndProject
Project("{FAE04EC0-301F-11D3-BF4B-00C04F79EFBC}") = "Unity.InternalAPIEditorBridge.001", "Unity.InternalAPIEditorBridge.001.csproj", "{1459a373-10e8-e109-6daa-5a6a31b923f5}"
EndProject
Project("{FAE04EC0-301F-11D3-BF4B-00C04F79EFBC}") = "Unity.2D.SpriteShape.Runtime", "Unity.2D.SpriteShape.Runtime.csproj", "{c275cebd-1eca-8e2a-b94d-c1667b1d0e04}"
EndProject
Project("{FAE04EC0-301F-11D3-BF4B-00C04F79EFBC}") = "Unity.VisualScripting.State.Editor", "Unity.VisualScripting.State.Editor.csproj", "{1b8a397c-0a1b-6639-5d23-d12bff1b6f96}"
EndProject
Project("{FAE04EC0-301F-11D3-BF4B-00C04F79EFBC}") = "Unity.2D.Animation.Runtime", "Unity.2D.Animation.Runtime.csproj", "{f952dace-653d-abd7-11b4-346365b8d09e}"
EndProject
Project("{FAE04EC0-301F-11D3-BF4B-00C04F79EFBC}") = "Unity.Burst.CodeGen", "Unity.Burst.CodeGen.csproj", "{ca77dff1-1d6c-6872-e191-b7005e879017}"
EndProject
Project("{FAE04EC0-301F-11D3-BF4B-00C04F79EFBC}") = "Unity.2D.Tilemap.Extras", "Unity.2D.Tilemap.Extras.csproj", "{4fa59e85-c45d-825e-6d75-f23af6128a3d}"
EndProject
Project("{FAE04EC0-301F-11D3-BF4B-00C04F79EFBC}") = "Unity.VisualScripting.State", "Unity.VisualScripting.State.csproj", "{491814d4-8579-fdcd-2ba8-c50e299edee6}"
EndProject
Project("{FAE04EC0-301F-11D3-BF4B-00C04F79EFBC}") = "Unity.TextMeshPro", "Unity.TextMeshPro.csproj", "{0a896d5a-36b1-1a81-404a-ae93f942c79d}"
EndProject
Project("{FAE04EC0-301F-11D3-BF4B-00C04F79EFBC}") = "Unity.2D.Aseprite.Common", "Unity.2D.Aseprite.Common.csproj", "{442607f4-117c-3f30-160a-45cc9b5ed0eb}"
EndProject
Project("{FAE04EC0-301F-11D3-BF4B-00C04F79EFBC}") = "Assembly-CSharp-firstpass", "Assembly-CSharp-firstpass.csproj", "{8a3993cd-029b-ada3-c7d2-1bbed4eefcd9}"
EndProject
Project("{FAE04EC0-301F-11D3-BF4B-00C04F79EFBC}") = "Unity.2D.IK.Editor", "Unity.2D.IK.Editor.csproj", "{131e2c5f-95d0-3032-3030-5d3299893a90}"
EndProject
Project("{FAE04EC0-301F-11D3-BF4B-00C04F79EFBC}") = "Unity.InternalAPIEngineBridge.001", "Unity.InternalAPIEngineBridge.001.csproj", "{3575f53f-b4e2-cc9a-0702-3f94d38af627}"
EndProject
Project("{FAE04EC0-301F-11D3-BF4B-00C04F79EFBC}") = "Unity.Burst.Editor", "Unity.Burst.Editor.csproj", "{0f2da704-b7c3-98f4-4fde-5f122e9ee513}"
EndProject
Project("{FAE04EC0-301F-11D3-BF4B-00C04F79EFBC}") = "Unity.2D.Common.Editor", "Unity.2D.Common.Editor.csproj", "{705ecf5c-e57f-5500-5b69-18ac9813c581}"
EndProject
Project("{FAE04EC0-301F-11D3-BF4B-00C04F79EFBC}") = "Assembly-CSharp", "Assembly-CSharp.csproj", "{d6aa22d9-444e-0dd4-3655-f8b4c5211ff3}"
EndProject
Project("{FAE04EC0-301F-11D3-BF4B-00C04F79EFBC}") = "Unity.2D.PixelPerfect", "Unity.2D.PixelPerfect.csproj", "{fb957af4-8f61-527f-37a0-9aa6f58d161a}"
EndProject
Project("{FAE04EC0-301F-11D3-BF4B-00C04F79EFBC}") = "Unity.2D.PixelPerfect.Editor", "Unity.2D.PixelPerfect.Editor.csproj", "{78906a6f-8c86-e438-acfc-18cb9c040caa}"
EndProject
Project("{FAE04EC0-301F-11D3-BF4B-00C04F79EFBC}") = "Unity.2D.Common.Runtime", "Unity.2D.Common.Runtime.csproj", "{15c11d89-f801-72f8-5016-addb3f34c104}"
EndProject
Project("{FAE04EC0-301F-11D3-BF4B-00C04F79EFBC}") = "Unity.InputSystem.ForUI", "Unity.InputSystem.ForUI.csproj", "{42c22bc1-22ad-6f3a-9135-1b06cd1a316b}"
EndProject
Project("{FAE04EC0-301F-11D3-BF4B-00C04F79EFBC}") = "Unity.Mathematics.Editor", "Unity.Mathematics.Editor.csproj", "{4876c805-fd12-7a43-cae8-021c52160270}"
EndProject
Project("{FAE04EC0-301F-11D3-BF4B-00C04F79EFBC}") = "Unity.InputSystem.TestFramework", "Unity.InputSystem.TestFramework.csproj", "{7273635a-b60b-7043-6d4c-a6a7c2ec2da5}"
EndProject
Project("{FAE04EC0-301F-11D3-BF4B-00C04F79EFBC}") = "Unity.Collections.BurstCompatibilityGen", "Unity.Collections.BurstCompatibilityGen.csproj", "{95e5cdf4-aaee-c8fe-d877-7dfc3c39055d}"
EndProject
Project("{FAE04EC0-301F-11D3-BF4B-00C04F79EFBC}") = "Unity.InternalAPIEditorBridge.005", "Unity.InternalAPIEditorBridge.005.csproj", "{6aec4d15-84b8-5ea1-e882-954550381b8e}"
EndProject
Project("{FAE04EC0-301F-11D3-BF4B-00C04F79EFBC}") = "Unity.VisualScripting.Shared.Editor", "Unity.VisualScripting.Shared.Editor.csproj", "{1b171002-fe9e-601f-a328-c2204142bc44}"
EndProject
Project("{FAE04EC0-301F-11D3-BF4B-00C04F79EFBC}") = "Unity.Collections.DocCodeSamples", "Unity.Collections.DocCodeSamples.csproj", "{77b1534a-3bef-6bb9-be9b-d1284be4b267}"
EndProject
Project("{FAE04EC0-301F-11D3-BF4B-00C04F79EFBC}") = "Unity.CollabProxy.Editor", "Unity.CollabProxy.Editor.csproj", "{220c10cc-0adf-a6e5-1997-e8a8c6d1b543}"
EndProject
Project("{FAE04EC0-301F-11D3-BF4B-00C04F79EFBC}") = "Assembly-CSharp-Editor", "Assembly-CSharp-Editor.csproj", "{27c288f0-a0ed-77c5-67f2-c75eb6389227}"
EndProject
Project("{FAE04EC0-301F-11D3-BF4B-00C04F79EFBC}") = "Unity.Mathematics.Tests", "Unity.Mathematics.Tests.csproj", "{a7262ca4-3900-334f-9ef1-4507ab937ccb}"
EndProject
Project("{FAE04EC0-301F-11D3-BF4B-00C04F79EFBC}") = "Unity.2D.Aseprite.EditorTests", "Unity.2D.Aseprite.EditorTests.csproj", "{f676a7e2-fc8b-5ae6-3856-1cf6577368c1}"
EndProject
Project("{FAE04EC0-301F-11D3-BF4B-00C04F79EFBC}") = "Unity.Burst.Tests.UnitTests", "Unity.Burst.Tests.UnitTests.csproj", "{3b57eef5-c372-feff-7336-b9417c4cd45b}"
EndProject
Project("{FAE04EC0-301F-11D3-BF4B-00C04F79EFBC}") = "Unity.2D.PixelPerfect.EditorTests", "Unity.2D.PixelPerfect.EditorTests.csproj", "{42264c51-5928-1b24-c49b-a6e46b5f682c}"
EndProject
Project("{FAE04EC0-301F-11D3-BF4B-00C04F79EFBC}") = "Unity.2D.SpriteShape.EditorTests", "Unity.2D.SpriteShape.EditorTests.csproj", "{0edebb95-6574-2eaf-d124-85d91d1ea73c}"
EndProject
Project("{FAE04EC0-301F-11D3-BF4B-00C04F79EFBC}") = "Unity.2D.Common.EditorTests", "Unity.2D.Common.EditorTests.csproj", "{9eadd418-8c00-34f6-2775-cd3e6e32561c}"
EndProject
Project("{FAE04EC0-301F-11D3-BF4B-00C04F79EFBC}") = "Unity.Burst.Editor.Tests", "Unity.Burst.Editor.Tests.csproj", "{b9ef90e2-ad2b-2e21-73c3-6eb1ae264b2a}"
EndProject
Project("{FAE04EC0-301F-11D3-BF4B-00C04F79EFBC}") = "Unity.TextMeshPro.Editor.Tests", "Unity.TextMeshPro.Editor.Tests.csproj", "{9f4a6b33-7f33-8043-4f7d-f9e64340b069}"
EndProject
Project("{FAE04EC0-301F-11D3-BF4B-00C04F79EFBC}") = "DocCodeExamples", "DocCodeExamples.csproj", "{4c54a754-9080-fa49-cf19-f004f7c8d774}"
EndProject
Project("{FAE04EC0-301F-11D3-BF4B-00C04F79EFBC}") = "Unity.Collections.Tests", "Unity.Collections.Tests.csproj", "{5de6dd7d-58cf-4ec7-bd05-a1eef4694814}"
EndProject
Project("{FAE04EC0-301F-11D3-BF4B-00C04F79EFBC}") = "Unity.2D.Psdimporter.EditorTests", "Unity.2D.Psdimporter.EditorTests.csproj", "{ad07071b-e1af-77fc-c460-84ccaaab9067}"
EndProject
Project("{FAE04EC0-301F-11D3-BF4B-00C04F79EFBC}") = "Unity.InputSystem.IntegrationTests", "Unity.InputSystem.IntegrationTests.csproj", "{28934113-8e30-f211-03a1-1b9557649734}"
EndProject
Project("{FAE04EC0-301F-11D3-BF4B-00C04F79EFBC}") = "Unity.Collections.Tests.Playmode", "Unity.Collections.Tests.Playmode.csproj", "{f971b7d8-b6c5-acfd-d7c9-3d0c06292933}"
EndProject
Project("{FAE04EC0-301F-11D3-BF4B-00C04F79EFBC}") = "Unity.2D.Animation.EditorTests", "Unity.2D.Animation.EditorTests.csproj", "{35f21749-bb7e-630f-7adc-e0851d95e912}"
EndProject
Project("{FAE04EC0-301F-11D3-BF4B-00C04F79EFBC}") = "Unity.TextMeshPro.Tests", "Unity.TextMeshPro.Tests.csproj", "{6270779a-c90d-9d04-acf6-ca3c0070ed1e}"
EndProject
Project("{FAE04EC0-301F-11D3-BF4B-00C04F79EFBC}") = "SeparateAssembly", "SeparateAssembly.csproj", "{01bca573-4feb-63d7-698a-1662b0537d71}"
EndProject
Project("{FAE04EC0-301F-11D3-BF4B-00C04F79EFBC}") = "Unity.2D.Tilemap.Extras.Placeholder.EditorTests", "Unity.2D.Tilemap.Extras.Placeholder.EditorTests.csproj", "{e8232b45-d280-c935-35ee-b610c050e910}"
EndProject
Project("{FAE04EC0-301F-11D3-BF4B-00C04F79EFBC}") = "OverloadedFunctionPointers", "OverloadedFunctionPointers.csproj", "{805ea85f-9adb-1abd-aad9-60879157080b}"
EndProject
Global
	GlobalSection(SolutionConfigurationPlatforms) = preSolution
		Debug|Any CPU = Debug|Any CPU
	EndGlobalSection
	GlobalSection(ProjectConfigurationPlatforms) = postSolution
		{042b0946-cde8-757e-114d-687132b62833}.Debug|Any CPU.ActiveCfg = Debug|Any CPU
		{042b0946-cde8-757e-114d-687132b62833}.Debug|Any CPU.Build.0 = Debug|Any CPU
		{bf33309b-a477-3909-6893-c6d2727be5ff}.Debug|Any CPU.ActiveCfg = Debug|Any CPU
		{bf33309b-a477-3909-6893-c6d2727be5ff}.Debug|Any CPU.Build.0 = Debug|Any CPU
		{8bfa9274-b4cb-f14d-e817-6899620fb289}.Debug|Any CPU.ActiveCfg = Debug|Any CPU
		{8bfa9274-b4cb-f14d-e817-6899620fb289}.Debug|Any CPU.Build.0 = Debug|Any CPU
		{d52215c3-5dca-ae11-250c-abe234182e2a}.Debug|Any CPU.ActiveCfg = Debug|Any CPU
		{d52215c3-5dca-ae11-250c-abe234182e2a}.Debug|Any CPU.Build.0 = Debug|Any CPU
		{ab67c1d9-48f1-a3ad-3979-a01bf5616350}.Debug|Any CPU.ActiveCfg = Debug|Any CPU
		{ab67c1d9-48f1-a3ad-3979-a01bf5616350}.Debug|Any CPU.Build.0 = Debug|Any CPU
		{419d5e0d-3697-e485-ab3e-b8ddc653671f}.Debug|Any CPU.ActiveCfg = Debug|Any CPU
		{419d5e0d-3697-e485-ab3e-b8ddc653671f}.Debug|Any CPU.Build.0 = Debug|Any CPU
		{2e541a17-e19f-ab2d-18cc-7334c0081895}.Debug|Any CPU.ActiveCfg = Debug|Any CPU
		{2e541a17-e19f-ab2d-18cc-7334c0081895}.Debug|Any CPU.Build.0 = Debug|Any CPU
		{6513df32-2fa7-2d95-9578-e7ac597231ba}.Debug|Any CPU.ActiveCfg = Debug|Any CPU
		{6513df32-2fa7-2d95-9578-e7ac597231ba}.Debug|Any CPU.Build.0 = Debug|Any CPU
		{560b37cf-e7df-a562-e18a-0a57a9d897bb}.Debug|Any CPU.ActiveCfg = Debug|Any CPU
		{560b37cf-e7df-a562-e18a-0a57a9d897bb}.Debug|Any CPU.Build.0 = Debug|Any CPU
		{43097d03-f5b7-a478-e8b9-4387da40b2cf}.Debug|Any CPU.ActiveCfg = Debug|Any CPU
		{43097d03-f5b7-a478-e8b9-4387da40b2cf}.Debug|Any CPU.Build.0 = Debug|Any CPU
		{c25ca3a8-0046-7fef-a303-21aada8968db}.Debug|Any CPU.ActiveCfg = Debug|Any CPU
		{c25ca3a8-0046-7fef-a303-21aada8968db}.Debug|Any CPU.Build.0 = Debug|Any CPU
		{b89cf299-5da5-a839-1551-9154fbcaf01e}.Debug|Any CPU.ActiveCfg = Debug|Any CPU
		{b89cf299-5da5-a839-1551-9154fbcaf01e}.Debug|Any CPU.Build.0 = Debug|Any CPU
		{fd54264a-ca75-f378-94b2-2de899f4e98a}.Debug|Any CPU.ActiveCfg = Debug|Any CPU
		{fd54264a-ca75-f378-94b2-2de899f4e98a}.Debug|Any CPU.Build.0 = Debug|Any CPU
		{e84823a5-0be8-80f7-7b9d-8be9bdc2e9ed}.Debug|Any CPU.ActiveCfg = Debug|Any CPU
		{e84823a5-0be8-80f7-7b9d-8be9bdc2e9ed}.Debug|Any CPU.Build.0 = Debug|Any CPU
		{00628d0f-ded2-3155-8a3f-2fd1f6ded572}.Debug|Any CPU.ActiveCfg = Debug|Any CPU
		{00628d0f-ded2-3155-8a3f-2fd1f6ded572}.Debug|Any CPU.Build.0 = Debug|Any CPU
		{f4d89029-e05f-0a7e-88d7-61c99f0909be}.Debug|Any CPU.ActiveCfg = Debug|Any CPU
		{f4d89029-e05f-0a7e-88d7-61c99f0909be}.Debug|Any CPU.Build.0 = Debug|Any CPU
		{b9b7f566-4a81-e448-ed51-c2b646eb4894}.Debug|Any CPU.ActiveCfg = Debug|Any CPU
		{b9b7f566-4a81-e448-ed51-c2b646eb4894}.Debug|Any CPU.Build.0 = Debug|Any CPU
		{e81792c2-3e6d-9c25-9642-c566935d0d6a}.Debug|Any CPU.ActiveCfg = Debug|Any CPU
		{e81792c2-3e6d-9c25-9642-c566935d0d6a}.Debug|Any CPU.Build.0 = Debug|Any CPU
		{9b31e530-fbf0-11f3-1925-5229d967a277}.Debug|Any CPU.ActiveCfg = Debug|Any CPU
		{9b31e530-fbf0-11f3-1925-5229d967a277}.Debug|Any CPU.Build.0 = Debug|Any CPU
		{1a633b47-0aba-05af-4320-a92ca71aaf50}.Debug|Any CPU.ActiveCfg = Debug|Any CPU
		{1a633b47-0aba-05af-4320-a92ca71aaf50}.Debug|Any CPU.Build.0 = Debug|Any CPU
		{66bb418d-6a76-3171-8ad2-2a8c16610066}.Debug|Any CPU.ActiveCfg = Debug|Any CPU
		{66bb418d-6a76-3171-8ad2-2a8c16610066}.Debug|Any CPU.Build.0 = Debug|Any CPU
		{62f77be3-44f4-4142-77d3-d0ebfaa15eed}.Debug|Any CPU.ActiveCfg = Debug|Any CPU
		{62f77be3-44f4-4142-77d3-d0ebfaa15eed}.Debug|Any CPU.Build.0 = Debug|Any CPU
		{ef60ef9a-efbb-e61f-caf7-286547415b76}.Debug|Any CPU.ActiveCfg = Debug|Any CPU
		{ef60ef9a-efbb-e61f-caf7-286547415b76}.Debug|Any CPU.Build.0 = Debug|Any CPU
		{f77758f5-0e0b-2acd-ec55-07e847a3d290}.Debug|Any CPU.ActiveCfg = Debug|Any CPU
		{f77758f5-0e0b-2acd-ec55-07e847a3d290}.Debug|Any CPU.Build.0 = Debug|Any CPU
		{16dd99ca-f634-da3e-d014-f29117154146}.Debug|Any CPU.ActiveCfg = Debug|Any CPU
		{16dd99ca-f634-da3e-d014-f29117154146}.Debug|Any CPU.Build.0 = Debug|Any CPU
		{4f137dd6-74c4-8776-354e-b69c1a1aeda7}.Debug|Any CPU.ActiveCfg = Debug|Any CPU
		{4f137dd6-74c4-8776-354e-b69c1a1aeda7}.Debug|Any CPU.Build.0 = Debug|Any CPU
		{1459a373-10e8-e109-6daa-5a6a31b923f5}.Debug|Any CPU.ActiveCfg = Debug|Any CPU
		{1459a373-10e8-e109-6daa-5a6a31b923f5}.Debug|Any CPU.Build.0 = Debug|Any CPU
		{c275cebd-1eca-8e2a-b94d-c1667b1d0e04}.Debug|Any CPU.ActiveCfg = Debug|Any CPU
		{c275cebd-1eca-8e2a-b94d-c1667b1d0e04}.Debug|Any CPU.Build.0 = Debug|Any CPU
		{1b8a397c-0a1b-6639-5d23-d12bff1b6f96}.Debug|Any CPU.ActiveCfg = Debug|Any CPU
		{1b8a397c-0a1b-6639-5d23-d12bff1b6f96}.Debug|Any CPU.Build.0 = Debug|Any CPU
		{f952dace-653d-abd7-11b4-346365b8d09e}.Debug|Any CPU.ActiveCfg = Debug|Any CPU
		{f952dace-653d-abd7-11b4-346365b8d09e}.Debug|Any CPU.Build.0 = Debug|Any CPU
		{ca77dff1-1d6c-6872-e191-b7005e879017}.Debug|Any CPU.ActiveCfg = Debug|Any CPU
		{ca77dff1-1d6c-6872-e191-b7005e879017}.Debug|Any CPU.Build.0 = Debug|Any CPU
		{4fa59e85-c45d-825e-6d75-f23af6128a3d}.Debug|Any CPU.ActiveCfg = Debug|Any CPU
		{4fa59e85-c45d-825e-6d75-f23af6128a3d}.Debug|Any CPU.Build.0 = Debug|Any CPU
		{491814d4-8579-fdcd-2ba8-c50e299edee6}.Debug|Any CPU.ActiveCfg = Debug|Any CPU
		{491814d4-8579-fdcd-2ba8-c50e299edee6}.Debug|Any CPU.Build.0 = Debug|Any CPU
		{0a896d5a-36b1-1a81-404a-ae93f942c79d}.Debug|Any CPU.ActiveCfg = Debug|Any CPU
		{0a896d5a-36b1-1a81-404a-ae93f942c79d}.Debug|Any CPU.Build.0 = Debug|Any CPU
		{442607f4-117c-3f30-160a-45cc9b5ed0eb}.Debug|Any CPU.ActiveCfg = Debug|Any CPU
		{442607f4-117c-3f30-160a-45cc9b5ed0eb}.Debug|Any CPU.Build.0 = Debug|Any CPU
		{8a3993cd-029b-ada3-c7d2-1bbed4eefcd9}.Debug|Any CPU.ActiveCfg = Debug|Any CPU
		{8a3993cd-029b-ada3-c7d2-1bbed4eefcd9}.Debug|Any CPU.Build.0 = Debug|Any CPU
		{131e2c5f-95d0-3032-3030-5d3299893a90}.Debug|Any CPU.ActiveCfg = Debug|Any CPU
		{131e2c5f-95d0-3032-3030-5d3299893a90}.Debug|Any CPU.Build.0 = Debug|Any CPU
		{3575f53f-b4e2-cc9a-0702-3f94d38af627}.Debug|Any CPU.ActiveCfg = Debug|Any CPU
		{3575f53f-b4e2-cc9a-0702-3f94d38af627}.Debug|Any CPU.Build.0 = Debug|Any CPU
		{0f2da704-b7c3-98f4-4fde-5f122e9ee513}.Debug|Any CPU.ActiveCfg = Debug|Any CPU
		{0f2da704-b7c3-98f4-4fde-5f122e9ee513}.Debug|Any CPU.Build.0 = Debug|Any CPU
		{705ecf5c-e57f-5500-5b69-18ac9813c581}.Debug|Any CPU.ActiveCfg = Debug|Any CPU
		{705ecf5c-e57f-5500-5b69-18ac9813c581}.Debug|Any CPU.Build.0 = Debug|Any CPU
		{d6aa22d9-444e-0dd4-3655-f8b4c5211ff3}.Debug|Any CPU.ActiveCfg = Debug|Any CPU
		{d6aa22d9-444e-0dd4-3655-f8b4c5211ff3}.Debug|Any CPU.Build.0 = Debug|Any CPU
		{fb957af4-8f61-527f-37a0-9aa6f58d161a}.Debug|Any CPU.ActiveCfg = Debug|Any CPU
		{fb957af4-8f61-527f-37a0-9aa6f58d161a}.Debug|Any CPU.Build.0 = Debug|Any CPU
		{78906a6f-8c86-e438-acfc-18cb9c040caa}.Debug|Any CPU.ActiveCfg = Debug|Any CPU
		{78906a6f-8c86-e438-acfc-18cb9c040caa}.Debug|Any CPU.Build.0 = Debug|Any CPU
		{15c11d89-f801-72f8-5016-addb3f34c104}.Debug|Any CPU.ActiveCfg = Debug|Any CPU
		{15c11d89-f801-72f8-5016-addb3f34c104}.Debug|Any CPU.Build.0 = Debug|Any CPU
		{42c22bc1-22ad-6f3a-9135-1b06cd1a316b}.Debug|Any CPU.ActiveCfg = Debug|Any CPU
		{42c22bc1-22ad-6f3a-9135-1b06cd1a316b}.Debug|Any CPU.Build.0 = Debug|Any CPU
		{4876c805-fd12-7a43-cae8-021c52160270}.Debug|Any CPU.ActiveCfg = Debug|Any CPU
		{4876c805-fd12-7a43-cae8-021c52160270}.Debug|Any CPU.Build.0 = Debug|Any CPU
		{7273635a-b60b-7043-6d4c-a6a7c2ec2da5}.Debug|Any CPU.ActiveCfg = Debug|Any CPU
		{7273635a-b60b-7043-6d4c-a6a7c2ec2da5}.Debug|Any CPU.Build.0 = Debug|Any CPU
		{95e5cdf4-aaee-c8fe-d877-7dfc3c39055d}.Debug|Any CPU.ActiveCfg = Debug|Any CPU
		{95e5cdf4-aaee-c8fe-d877-7dfc3c39055d}.Debug|Any CPU.Build.0 = Debug|Any CPU
		{6aec4d15-84b8-5ea1-e882-954550381b8e}.Debug|Any CPU.ActiveCfg = Debug|Any CPU
		{6aec4d15-84b8-5ea1-e882-954550381b8e}.Debug|Any CPU.Build.0 = Debug|Any CPU
		{1b171002-fe9e-601f-a328-c2204142bc44}.Debug|Any CPU.ActiveCfg = Debug|Any CPU
		{1b171002-fe9e-601f-a328-c2204142bc44}.Debug|Any CPU.Build.0 = Debug|Any CPU
		{77b1534a-3bef-6bb9-be9b-d1284be4b267}.Debug|Any CPU.ActiveCfg = Debug|Any CPU
		{77b1534a-3bef-6bb9-be9b-d1284be4b267}.Debug|Any CPU.Build.0 = Debug|Any CPU
		{220c10cc-0adf-a6e5-1997-e8a8c6d1b543}.Debug|Any CPU.ActiveCfg = Debug|Any CPU
		{220c10cc-0adf-a6e5-1997-e8a8c6d1b543}.Debug|Any CPU.Build.0 = Debug|Any CPU
		{27c288f0-a0ed-77c5-67f2-c75eb6389227}.Debug|Any CPU.ActiveCfg = Debug|Any CPU
		{27c288f0-a0ed-77c5-67f2-c75eb6389227}.Debug|Any CPU.Build.0 = Debug|Any CPU
		{a7262ca4-3900-334f-9ef1-4507ab937ccb}.Debug|Any CPU.ActiveCfg = Debug|Any CPU
		{a7262ca4-3900-334f-9ef1-4507ab937ccb}.Debug|Any CPU.Build.0 = Debug|Any CPU
		{f676a7e2-fc8b-5ae6-3856-1cf6577368c1}.Debug|Any CPU.ActiveCfg = Debug|Any CPU
		{f676a7e2-fc8b-5ae6-3856-1cf6577368c1}.Debug|Any CPU.Build.0 = Debug|Any CPU
		{3b57eef5-c372-feff-7336-b9417c4cd45b}.Debug|Any CPU.ActiveCfg = Debug|Any CPU
		{3b57eef5-c372-feff-7336-b9417c4cd45b}.Debug|Any CPU.Build.0 = Debug|Any CPU
		{42264c51-5928-1b24-c49b-a6e46b5f682c}.Debug|Any CPU.ActiveCfg = Debug|Any CPU
		{42264c51-5928-1b24-c49b-a6e46b5f682c}.Debug|Any CPU.Build.0 = Debug|Any CPU
		{0edebb95-6574-2eaf-d124-85d91d1ea73c}.Debug|Any CPU.ActiveCfg = Debug|Any CPU
		{0edebb95-6574-2eaf-d124-85d91d1ea73c}.Debug|Any CPU.Build.0 = Debug|Any CPU
		{9eadd418-8c00-34f6-2775-cd3e6e32561c}.Debug|Any CPU.ActiveCfg = Debug|Any CPU
		{9eadd418-8c00-34f6-2775-cd3e6e32561c}.Debug|Any CPU.Build.0 = Debug|Any CPU
		{b9ef90e2-ad2b-2e21-73c3-6eb1ae264b2a}.Debug|Any CPU.ActiveCfg = Debug|Any CPU
		{b9ef90e2-ad2b-2e21-73c3-6eb1ae264b2a}.Debug|Any CPU.Build.0 = Debug|Any CPU
		{9f4a6b33-7f33-8043-4f7d-f9e64340b069}.Debug|Any CPU.ActiveCfg = Debug|Any CPU
		{9f4a6b33-7f33-8043-4f7d-f9e64340b069}.Debug|Any CPU.Build.0 = Debug|Any CPU
		{4c54a754-9080-fa49-cf19-f004f7c8d774}.Debug|Any CPU.ActiveCfg = Debug|Any CPU
		{4c54a754-9080-fa49-cf19-f004f7c8d774}.Debug|Any CPU.Build.0 = Debug|Any CPU
		{5de6dd7d-58cf-4ec7-bd05-a1eef4694814}.Debug|Any CPU.ActiveCfg = Debug|Any CPU
		{5de6dd7d-58cf-4ec7-bd05-a1eef4694814}.Debug|Any CPU.Build.0 = Debug|Any CPU
		{ad07071b-e1af-77fc-c460-84ccaaab9067}.Debug|Any CPU.ActiveCfg = Debug|Any CPU
		{ad07071b-e1af-77fc-c460-84ccaaab9067}.Debug|Any CPU.Build.0 = Debug|Any CPU
		{28934113-8e30-f211-03a1-1b9557649734}.Debug|Any CPU.ActiveCfg = Debug|Any CPU
		{28934113-8e30-f211-03a1-1b9557649734}.Debug|Any CPU.Build.0 = Debug|Any CPU
		{f971b7d8-b6c5-acfd-d7c9-3d0c06292933}.Debug|Any CPU.ActiveCfg = Debug|Any CPU
		{f971b7d8-b6c5-acfd-d7c9-3d0c06292933}.Debug|Any CPU.Build.0 = Debug|Any CPU
		{35f21749-bb7e-630f-7adc-e0851d95e912}.Debug|Any CPU.ActiveCfg = Debug|Any CPU
		{35f21749-bb7e-630f-7adc-e0851d95e912}.Debug|Any CPU.Build.0 = Debug|Any CPU
		{6270779a-c90d-9d04-acf6-ca3c0070ed1e}.Debug|Any CPU.ActiveCfg = Debug|Any CPU
		{6270779a-c90d-9d04-acf6-ca3c0070ed1e}.Debug|Any CPU.Build.0 = Debug|Any CPU
		{01bca573-4feb-63d7-698a-1662b0537d71}.Debug|Any CPU.ActiveCfg = Debug|Any CPU
		{01bca573-4feb-63d7-698a-1662b0537d71}.Debug|Any CPU.Build.0 = Debug|Any CPU
		{e8232b45-d280-c935-35ee-b610c050e910}.Debug|Any CPU.ActiveCfg = Debug|Any CPU
		{e8232b45-d280-c935-35ee-b610c050e910}.Debug|Any CPU.Build.0 = Debug|Any CPU
		{805ea85f-9adb-1abd-aad9-60879157080b}.Debug|Any CPU.ActiveCfg = Debug|Any CPU
		{805ea85f-9adb-1abd-aad9-60879157080b}.Debug|Any CPU.Build.0 = Debug|Any CPU
	EndGlobalSection
	GlobalSection(SolutionProperties) = preSolution
		HideSolutionNode = FALSE
	EndGlobalSection
EndGlobal
