
Microsoft Visual Studio Solution File, Format Version 11.00
# Visual Studio 2010
Project("{FAE04EC0-301F-11D3-BF4B-00C04F79EFBC}") = "Assembly-CSharp", "Assembly-CSharp.csproj", "{d6aa22d9-444e-0dd4-3655-f8b4c5211ff3}"
EndProject
Project("{FAE04EC0-301F-11D3-BF4B-00C04F79EFBC}") = "Assembly-CSharp-firstpass", "Assembly-CSharp-firstpass.csproj", "{8a3993cd-029b-ada3-c7d2-1bbed4eefcd9}"
EndProject
Project("{FAE04EC0-301F-11D3-BF4B-00C04F79EFBC}") = "Assembly-CSharp-Editor-firstpass", "Assembly-CSharp-Editor-firstpass.csproj", "{16dd99ca-f634-da3e-d014-f29117154146}"
EndProject
Global
	GlobalSection(SolutionConfigurationPlatforms) = preSolution
		Debug|Any CPU = Debug|Any CPU
	EndGlobalSection
	GlobalSection(ProjectConfigurationPlatforms) = postSolution
		{d6aa22d9-444e-0dd4-3655-f8b4c5211ff3}.Debug|Any CPU.ActiveCfg = Debug|Any CPU
		{d6aa22d9-444e-0dd4-3655-f8b4c5211ff3}.Debug|Any CPU.Build.0 = Debug|Any CPU
		{8a3993cd-029b-ada3-c7d2-1bbed4eefcd9}.Debug|Any CPU.ActiveCfg = Debug|Any CPU
		{8a3993cd-029b-ada3-c7d2-1bbed4eefcd9}.Debug|Any CPU.Build.0 = Debug|Any CPU
		{16dd99ca-f634-da3e-d014-f29117154146}.Debug|Any CPU.ActiveCfg = Debug|Any CPU
		{16dd99ca-f634-da3e-d014-f29117154146}.Debug|Any CPU.Build.0 = Debug|Any CPU
	EndGlobalSection
	GlobalSection(SolutionProperties) = preSolution
		HideSolutionNode = FALSE
	EndGlobalSection
EndGlobal
