
Microsoft Visual Studio Solution File, Format Version 11.00
# Visual Studio 2010
Project("{FAE04EC0-301F-11D3-BF4B-00C04F79EFBC}") = "Unity.Timeline", "Unity.Timeline.csproj", "{042b0946-cde8-757e-114d-687132b62833}"
EndProject
Project("{FAE04EC0-301F-11D3-BF4B-00C04F79EFBC}") = "Unity.Timeline.Editor", "Unity.Timeline.Editor.csproj", "{bf33309b-a477-3909-6893-c6d2727be5ff}"
EndProject
Project("{FAE04EC0-301F-11D3-BF4B-00C04F79EFBC}") = "Unity.InputSystem", "Unity.InputSystem.csproj", "{6513df32-2fa7-2d95-9578-e7ac597231ba}"
EndProject
Project("{FAE04EC0-301F-11D3-BF4B-00C04F79EFBC}") = "UnityEngine.Advertisements.Editor", "UnityEngine.Advertisements.Editor.csproj", "{31286618-9723-1321-6a26-ce248326e362}"
EndProject
Project("{FAE04EC0-301F-11D3-BF4B-00C04F79EFBC}") = "Unity.TextMeshPro.Editor", "Unity.TextMeshPro.Editor.csproj", "{8bfa9274-b4cb-f14d-e817-6899620fb289}"
EndProject
Project("{FAE04EC0-301F-11D3-BF4B-00C04F79EFBC}") = "Unity.2D.Aseprite.Editor", "Unity.2D.Aseprite.Editor.csproj", "{d52215c3-5dca-ae11-250c-abe234182e2a}"
EndProject
Project("{FAE04EC0-301F-11D3-BF4B-00C04F79EFBC}") = "Unity.Services.Core.Internal", "Unity.Services.Core.Internal.csproj", "{d00381b7-ac1e-4f52-45aa-445fa42ad847}"
EndProject
Project("{FAE04EC0-301F-11D3-BF4B-00C04F79EFBC}") = "Unity.VisualScripting.Flow", "Unity.VisualScripting.Flow.csproj", "{ab67c1d9-48f1-a3ad-3979-a01bf5616350}"
EndProject
Project("{FAE04EC0-301F-11D3-BF4B-00C04F79EFBC}") = "Unity.PlasticSCM.Editor", "Unity.PlasticSCM.Editor.csproj", "{419d5e0d-3697-e485-ab3e-b8ddc653671f}"
EndProject
Project("{FAE04EC0-301F-11D3-BF4B-00C04F79EFBC}") = "Unity.2D.Psdimporter.Editor", "Unity.2D.Psdimporter.Editor.csproj", "{2e541a17-e19f-ab2d-18cc-7334c0081895}"
EndProject
Project("{FAE04EC0-301F-11D3-BF4B-00C04F79EFBC}") = "UnityEditor.Purchasing", "UnityEditor.Purchasing.csproj", "{0d8cde5b-78d2-aee1-2c8e-dfdea97b8512}"
EndProject
Project("{FAE04EC0-301F-11D3-BF4B-00C04F79EFBC}") = "Unity.VisualScripting.Core", "Unity.VisualScripting.Core.csproj", "{560b37cf-e7df-a562-e18a-0a57a9d897bb}"
EndProject
Project("{FAE04EC0-301F-11D3-BF4B-00C04F79EFBC}") = "Unity.Mathematics", "Unity.Mathematics.csproj", "{43097d03-f5b7-a478-e8b9-4387da40b2cf}"
EndProject
Project("{FAE04EC0-301F-11D3-BF4B-00C04F79EFBC}") = "Unity.2D.Animation.Editor", "Unity.2D.Animation.Editor.csproj", "{c25ca3a8-0046-7fef-a303-21aada8968db}"
EndProject
Project("{FAE04EC0-301F-11D3-BF4B-00C04F79EFBC}") = "Unity.2D.Common.Path.Editor", "Unity.2D.Common.Path.Editor.csproj", "{b89cf299-5da5-a839-1551-9154fbcaf01e}"
EndProject
Project("{FAE04EC0-301F-11D3-BF4B-00C04F79EFBC}") = "Unity.VisualScripting.Core.Editor", "Unity.VisualScripting.Core.Editor.csproj", "{fd54264a-ca75-f378-94b2-2de899f4e98a}"
EndProject
Project("{FAE04EC0-301F-11D3-BF4B-00C04F79EFBC}") = "UnityEngine.Purchasing.Stores", "UnityEngine.Purchasing.Stores.csproj", "{20833c1e-c103-d8fd-9a38-a0c7a82ff2e3}"
EndProject
Project("{FAE04EC0-301F-11D3-BF4B-00C04F79EFBC}") = "UnityEngine.Purchasing", "UnityEngine.Purchasing.csproj", "{683e2fff-45f9-a160-b7af-39e4f9995e63}"
EndProject
Project("{FAE04EC0-301F-11D3-BF4B-00C04F79EFBC}") = "UnityEngine.Advertisements", "UnityEngine.Advertisements.csproj", "{6e496d65-0b56-0e94-9f03-0c568d093c33}"
EndProject
Project("{FAE04EC0-301F-11D3-BF4B-00C04F79EFBC}") = "Unity.VisualScripting.Flow.Editor", "Unity.VisualScripting.Flow.Editor.csproj", "{00628d0f-ded2-3155-8a3f-2fd1f6ded572}"
EndProject
Project("{FAE04EC0-301F-11D3-BF4B-00C04F79EFBC}") = "Unity.Services.Analytics", "Unity.Services.Analytics.csproj", "{20d0d119-f767-d50d-f814-047cdeaf9e1c}"
EndProject
Project("{FAE04EC0-301F-11D3-BF4B-00C04F79EFBC}") = "UnityEngine.Advertisements.DevX.Editor", "UnityEngine.Advertisements.DevX.Editor.csproj", "{8fe33a24-002f-231a-d25b-8160d1a38085}"
EndProject
Project("{FAE04EC0-301F-11D3-BF4B-00C04F79EFBC}") = "UnityEditor.TestRunner", "UnityEditor.TestRunner.csproj", "{f4d89029-e05f-0a7e-88d7-61c99f0909be}"
EndProject
Project("{FAE04EC0-301F-11D3-BF4B-00C04F79EFBC}") = "Unity.2D.IK.Runtime", "Unity.2D.IK.Runtime.csproj", "{e84823a5-0be8-80f7-7b9d-8be9bdc2e9ed}"
EndProject
Project("{FAE04EC0-301F-11D3-BF4B-00C04F79EFBC}") = "Unity.VisualScripting.SettingsProvider.Editor", "Unity.VisualScripting.SettingsProvider.Editor.csproj", "{b9b7f566-4a81-e448-ed51-c2b646eb4894}"
EndProject
Project("{FAE04EC0-301F-11D3-BF4B-00C04F79EFBC}") = "UnityEngine.TestRunner", "UnityEngine.TestRunner.csproj", "{e81792c2-3e6d-9c25-9642-c566935d0d6a}"
EndProject
Project("{FAE04EC0-301F-11D3-BF4B-00C04F79EFBC}") = "PsdPlugin", "PsdPlugin.csproj", "{9b31e530-fbf0-11f3-1925-5229d967a277}"
EndProject
Project("{FAE04EC0-301F-11D3-BF4B-00C04F79EFBC}") = "Unity.Burst", "Unity.Burst.csproj", "{1a633b47-0aba-05af-4320-a92ca71aaf50}"
EndProject
Project("{FAE04EC0-301F-11D3-BF4B-00C04F79EFBC}") = "Unity.Services.Core.Environments.Editor", "Unity.Services.Core.Environments.Editor.csproj", "{e0966b98-a025-1209-0601-77172299fdf7}"
EndProject
Project("{FAE04EC0-301F-11D3-BF4B-00C04F79EFBC}") = "Unity.Services.Core.Editor", "Unity.Services.Core.Editor.csproj", "{d4c2463c-b590-bb8f-ba9c-1cab4eae0671}"
EndProject
Project("{FAE04EC0-301F-11D3-BF4B-00C04F79EFBC}") = "Unity.Services.Core", "Unity.Services.Core.csproj", "{013de0c5-dae4-3c72-b2fd-ca2c9d080372}"
EndProject
Project("{FAE04EC0-301F-11D3-BF4B-00C04F79EFBC}") = "Unity.AI.Navigation.Editor", "Unity.AI.Navigation.Editor.csproj", "{9f7d7861-1fe7-55ac-b7af-6a5ec536630e}"
EndProject
Project("{FAE04EC0-301F-11D3-BF4B-00C04F79EFBC}") = "Unity.Collections", "Unity.Collections.csproj", "{62f77be3-44f4-4142-77d3-d0ebfaa15eed}"
EndProject
Project("{FAE04EC0-301F-11D3-BF4B-00C04F79EFBC}") = "Unity.2D.SpriteShape.Editor", "Unity.2D.SpriteShape.Editor.csproj", "{66bb418d-6a76-3171-8ad2-2a8c16610066}"
EndProject
Project("{FAE04EC0-301F-11D3-BF4B-00C04F79EFBC}") = "Unity.VisualStudio.Editor", "Unity.VisualStudio.Editor.csproj", "{ef60ef9a-efbb-e61f-caf7-286547415b76}"
EndProject
Project("{FAE04EC0-301F-11D3-BF4B-00C04F79EFBC}") = "Assembly-CSharp-Editor-firstpass", "Assembly-CSharp-Editor-firstpass.csproj", "{16dd99ca-f634-da3e-d014-f29117154146}"
EndProject
Project("{FAE04EC0-301F-11D3-BF4B-00C04F79EFBC}") = "Unity.2D.Tilemap.Extras.Editor", "Unity.2D.Tilemap.Extras.Editor.csproj", "{f77758f5-0e0b-2acd-ec55-07e847a3d290}"
EndProject
Project("{FAE04EC0-301F-11D3-BF4B-00C04F79EFBC}") = "Unity.Rider.Editor", "Unity.Rider.Editor.csproj", "{4f137dd6-74c4-8776-354e-b69c1a1aeda7}"
EndProject
Project("{FAE04EC0-301F-11D3-BF4B-00C04F79EFBC}") = "Unity.InternalAPIEditorBridge.001", "Unity.InternalAPIEditorBridge.001.csproj", "{1459a373-10e8-e109-6daa-5a6a31b923f5}"
EndProject
Project("{FAE04EC0-301F-11D3-BF4B-00C04F79EFBC}") = "Unity.Services.Core.Environments.Internal", "Unity.Services.Core.Environments.Internal.csproj", "{882fe659-4a61-c662-5fa3-8c07efb32435}"
EndProject
Project("{FAE04EC0-301F-11D3-BF4B-00C04F79EFBC}") = "Unity.Services.Core.Telemetry", "Unity.Services.Core.Telemetry.csproj", "{55893f89-b25f-2b99-308d-35d7a971f1dc}"
EndProject
Project("{FAE04EC0-301F-11D3-BF4B-00C04F79EFBC}") = "Unity.2D.SpriteShape.Runtime", "Unity.2D.SpriteShape.Runtime.csproj", "{c275cebd-1eca-8e2a-b94d-c1667b1d0e04}"
EndProject
Project("{FAE04EC0-301F-11D3-BF4B-00C04F79EFBC}") = "Unity.AI.Navigation", "Unity.AI.Navigation.csproj", "{b14b267e-4cc0-b243-c838-4916cffea2c8}"
EndProject
Project("{FAE04EC0-301F-11D3-BF4B-00C04F79EFBC}") = "UnityEngine.Purchasing.Codeless", "UnityEngine.Purchasing.Codeless.csproj", "{5b2834d8-9676-415c-71d9-28ce9d76dbda}"
EndProject
Project("{FAE04EC0-301F-11D3-BF4B-00C04F79EFBC}") = "Unity.Services.Core.Configuration", "Unity.Services.Core.Configuration.csproj", "{74787dbc-d5d1-efe6-a290-44b955ec1635}"
EndProject
Project("{FAE04EC0-301F-11D3-BF4B-00C04F79EFBC}") = "Unity.AI.Navigation.Editor.ConversionSystem", "Unity.AI.Navigation.Editor.ConversionSystem.csproj", "{cf782ca5-ed8a-703d-6674-e5eb0f007b23}"
EndProject
Project("{FAE04EC0-301F-11D3-BF4B-00C04F79EFBC}") = "Unity.VisualScripting.State.Editor", "Unity.VisualScripting.State.Editor.csproj", "{1b8a397c-0a1b-6639-5d23-d12bff1b6f96}"
EndProject
Project("{FAE04EC0-301F-11D3-BF4B-00C04F79EFBC}") = "Unity.2D.Animation.Runtime", "Unity.2D.Animation.Runtime.csproj", "{f952dace-653d-abd7-11b4-346365b8d09e}"
EndProject
Project("{FAE04EC0-301F-11D3-BF4B-00C04F79EFBC}") = "UnityEditor.XR.LegacyInputHelpers", "UnityEditor.XR.LegacyInputHelpers.csproj", "{ce1346f7-515d-a16a-e35b-c94438f0b4d0}"
EndProject
Project("{FAE04EC0-301F-11D3-BF4B-00C04F79EFBC}") = "Unity.Burst.CodeGen", "Unity.Burst.CodeGen.csproj", "{ca77dff1-1d6c-6872-e191-b7005e879017}"
EndProject
Project("{FAE04EC0-301F-11D3-BF4B-00C04F79EFBC}") = "Unity.Services.Core.Configuration.Editor", "Unity.Services.Core.Configuration.Editor.csproj", "{f293c454-fb76-bb38-05ef-93fc0930325c}"
EndProject
Project("{FAE04EC0-301F-11D3-BF4B-00C04F79EFBC}") = "Unity.2D.Tilemap.Extras", "Unity.2D.Tilemap.Extras.csproj", "{4fa59e85-c45d-825e-6d75-f23af6128a3d}"
EndProject
Project("{FAE04EC0-301F-11D3-BF4B-00C04F79EFBC}") = "Unity.VisualScripting.State", "Unity.VisualScripting.State.csproj", "{491814d4-8579-fdcd-2ba8-c50e299edee6}"
EndProject
Project("{FAE04EC0-301F-11D3-BF4B-00C04F79EFBC}") = "Assembly-CSharp", "Assembly-CSharp.csproj", "{d6aa22d9-444e-0dd4-3655-f8b4c5211ff3}"
EndProject
Project("{FAE04EC0-301F-11D3-BF4B-00C04F79EFBC}") = "Unity.TextMeshPro", "Unity.TextMeshPro.csproj", "{0a896d5a-36b1-1a81-404a-ae93f942c79d}"
EndProject
Project("{FAE04EC0-301F-11D3-BF4B-00C04F79EFBC}") = "Unity.Services.Core.Networking", "Unity.Services.Core.Networking.csproj", "{64a99e0a-4851-11ff-7860-3e9ccb15d94c}"
EndProject
Project("{FAE04EC0-301F-11D3-BF4B-00C04F79EFBC}") = "Unity.Services.Core.Scheduler", "Unity.Services.Core.Scheduler.csproj", "{43432d02-6306-a99b-421c-eb77c83fcd75}"
EndProject
Project("{FAE04EC0-301F-11D3-BF4B-00C04F79EFBC}") = "Unity.2D.Aseprite.Common", "Unity.2D.Aseprite.Common.csproj", "{442607f4-117c-3f30-160a-45cc9b5ed0eb}"
EndProject
Project("{FAE04EC0-301F-11D3-BF4B-00C04F79EFBC}") = "Assembly-CSharp-firstpass", "Assembly-CSharp-firstpass.csproj", "{8a3993cd-029b-ada3-c7d2-1bbed4eefcd9}"
EndProject
Project("{FAE04EC0-301F-11D3-BF4B-00C04F79EFBC}") = "Unity.Services.Analytics.Editor", "Unity.Services.Analytics.Editor.csproj", "{dbbc6ccc-9cb8-afdd-1712-5b2b0c04cd41}"
EndProject
Project("{FAE04EC0-301F-11D3-BF4B-00C04F79EFBC}") = "Unity.VSCode.Editor", "Unity.VSCode.Editor.csproj", "{d0dae03b-74df-9c59-dbbc-323a8b664d9a}"
EndProject
Project("{FAE04EC0-301F-11D3-BF4B-00C04F79EFBC}") = "Unity.2D.IK.Editor", "Unity.2D.IK.Editor.csproj", "{131e2c5f-95d0-3032-3030-5d3299893a90}"
EndProject
Project("{FAE04EC0-301F-11D3-BF4B-00C04F79EFBC}") = "Unity.InternalAPIEngineBridge.001", "Unity.InternalAPIEngineBridge.001.csproj", "{3575f53f-b4e2-cc9a-0702-3f94d38af627}"
EndProject
Project("{FAE04EC0-301F-11D3-BF4B-00C04F79EFBC}") = "Unity.Burst.Editor", "Unity.Burst.Editor.csproj", "{0f2da704-b7c3-98f4-4fde-5f122e9ee513}"
EndProject
Project("{FAE04EC0-301F-11D3-BF4B-00C04F79EFBC}") = "Unity.2D.Common.Editor", "Unity.2D.Common.Editor.csproj", "{705ecf5c-e57f-5500-5b69-18ac9813c581}"
EndProject
Project("{FAE04EC0-301F-11D3-BF4B-00C04F79EFBC}") = "UnityEngine.Purchasing.AppleMacosStub", "UnityEngine.Purchasing.AppleMacosStub.csproj", "{39411cc5-5b76-79f5-24cc-35eb609c5c30}"
EndProject
Project("{FAE04EC0-301F-11D3-BF4B-00C04F79EFBC}") = "Unity.AI.Navigation.Updater", "Unity.AI.Navigation.Updater.csproj", "{2e2eb2d0-aa86-f05e-7696-8ed9087a10a5}"
EndProject
Project("{FAE04EC0-301F-11D3-BF4B-00C04F79EFBC}") = "UnityEditor.SpatialTracking", "UnityEditor.SpatialTracking.csproj", "{fa4bfd62-4356-5b09-7323-290beea5df7a}"
EndProject
Project("{FAE04EC0-301F-11D3-BF4B-00C04F79EFBC}") = "Unity.Analytics.DataPrivacy", "Unity.Analytics.DataPrivacy.csproj", "{958471a5-38ae-5b2e-74ab-6f2da3f6d731}"
EndProject
Project("{FAE04EC0-301F-11D3-BF4B-00C04F79EFBC}") = "UnityEngine.Purchasing.SecurityStub", "UnityEngine.Purchasing.SecurityStub.csproj", "{2e596daa-1985-e585-33d5-b5d10d4abd60}"
EndProject
Project("{FAE04EC0-301F-11D3-BF4B-00C04F79EFBC}") = "Unity.2D.PixelPerfect", "Unity.2D.PixelPerfect.csproj", "{fb957af4-8f61-527f-37a0-9aa6f58d161a}"
EndProject
Project("{FAE04EC0-301F-11D3-BF4B-00C04F79EFBC}") = "Unity.2D.PixelPerfect.Editor", "Unity.2D.PixelPerfect.Editor.csproj", "{78906a6f-8c86-e438-acfc-18cb9c040caa}"
EndProject
Project("{FAE04EC0-301F-11D3-BF4B-00C04F79EFBC}") = "Unity.Services.Core.Registration", "Unity.Services.Core.Registration.csproj", "{b51ca4cc-3104-cb59-a394-874d0897e3b0}"
EndProject
Project("{FAE04EC0-301F-11D3-BF4B-00C04F79EFBC}") = "Unity.2D.Common.Runtime", "Unity.2D.Common.Runtime.csproj", "{15c11d89-f801-72f8-5016-addb3f34c104}"
EndProject
Project("{FAE04EC0-301F-11D3-BF4B-00C04F79EFBC}") = "UnityEngine.Purchasing.SecurityCore", "UnityEngine.Purchasing.SecurityCore.csproj", "{06f43b78-8280-ee3e-a608-9495172b74c6}"
EndProject
Project("{FAE04EC0-301F-11D3-BF4B-00C04F79EFBC}") = "UnityEngine.Purchasing.WinRTStub", "UnityEngine.Purchasing.WinRTStub.csproj", "{218f22df-5c0d-9282-2f24-05327bfeac84}"
EndProject
Project("{FAE04EC0-301F-11D3-BF4B-00C04F79EFBC}") = "Unity.Services.Core.Analytics", "Unity.Services.Core.Analytics.csproj", "{c2f46728-5eaf-6a43-f3a2-332af97be90d}"
EndProject
Project("{FAE04EC0-301F-11D3-BF4B-00C04F79EFBC}") = "UnityEngine.SpatialTracking", "UnityEngine.SpatialTracking.csproj", "{bb6bbe5d-83c7-3534-6da3-364c9a58f2ce}"
EndProject
Project("{FAE04EC0-301F-11D3-BF4B-00C04F79EFBC}") = "Unity.Services.Core.Threading", "Unity.Services.Core.Threading.csproj", "{10c055aa-516f-79a2-ffdd-e0156d6d6541}"
EndProject
Project("{FAE04EC0-301F-11D3-BF4B-00C04F79EFBC}") = "UnityEngine.Purchasing.AppleStub", "UnityEngine.Purchasing.AppleStub.csproj", "{fed08cb2-982c-93a5-8832-063748622432}"
EndProject
Project("{FAE04EC0-301F-11D3-BF4B-00C04F79EFBC}") = "Unity.InputSystem.ForUI", "Unity.InputSystem.ForUI.csproj", "{42c22bc1-22ad-6f3a-9135-1b06cd1a316b}"
EndProject
Project("{FAE04EC0-301F-11D3-BF4B-00C04F79EFBC}") = "Unity.Mathematics.Editor", "Unity.Mathematics.Editor.csproj", "{4876c805-fd12-7a43-cae8-021c52160270}"
EndProject
Project("{FAE04EC0-301F-11D3-BF4B-00C04F79EFBC}") = "Unity.Services.Core.Device", "Unity.Services.Core.Device.csproj", "{72f68921-4355-3c5c-4549-0134539a3f4c}"
EndProject
Project("{FAE04EC0-301F-11D3-BF4B-00C04F79EFBC}") = "UnityEngine.Purchasing.WinRTCore", "UnityEngine.Purchasing.WinRTCore.csproj", "{d743cc93-80e0-dfd4-ce0f-16c670a11290}"
EndProject
Project("{FAE04EC0-301F-11D3-BF4B-00C04F79EFBC}") = "Purchasing.Common", "Purchasing.Common.csproj", "{07a2d79e-7022-eb47-57bb-e805eda4904d}"
EndProject
Project("{FAE04EC0-301F-11D3-BF4B-00C04F79EFBC}") = "Unity.Services.Core.Environments", "Unity.Services.Core.Environments.csproj", "{30335f3a-c23e-52c4-ee10-0fd53b9c3d73}"
EndProject
Project("{FAE04EC0-301F-11D3-BF4B-00C04F79EFBC}") = "Unity.InputSystem.TestFramework", "Unity.InputSystem.TestFramework.csproj", "{7273635a-b60b-7043-6d4c-a6a7c2ec2da5}"
EndProject
Project("{FAE04EC0-301F-11D3-BF4B-00C04F79EFBC}") = "UnityEngine.XR.LegacyInputHelpers", "UnityEngine.XR.LegacyInputHelpers.csproj", "{b7427c2a-6f39-b36c-98da-6fd8c1d102a7}"
EndProject
Project("{FAE04EC0-301F-11D3-BF4B-00C04F79EFBC}") = "Unity.Collections.BurstCompatibilityGen", "Unity.Collections.BurstCompatibilityGen.csproj", "{95e5cdf4-aaee-c8fe-d877-7dfc3c39055d}"
EndProject
Project("{FAE04EC0-301F-11D3-BF4B-00C04F79EFBC}") = "Unity.InternalAPIEditorBridge.005", "Unity.InternalAPIEditorBridge.005.csproj", "{6aec4d15-84b8-5ea1-e882-954550381b8e}"
EndProject
Project("{FAE04EC0-301F-11D3-BF4B-00C04F79EFBC}") = "UnityEngine.Purchasing.AppleCore", "UnityEngine.Purchasing.AppleCore.csproj", "{3df0b26c-1067-ecb8-0171-55e2f39f4b5f}"
EndProject
Project("{FAE04EC0-301F-11D3-BF4B-00C04F79EFBC}") = "Unity.VisualScripting.Shared.Editor", "Unity.VisualScripting.Shared.Editor.csproj", "{1b171002-fe9e-601f-a328-c2204142bc44}"
EndProject
Project("{FAE04EC0-301F-11D3-BF4B-00C04F79EFBC}") = "Unity.Collections.DocCodeSamples", "Unity.Collections.DocCodeSamples.csproj", "{77b1534a-3bef-6bb9-be9b-d1284be4b267}"
EndProject
Project("{FAE04EC0-301F-11D3-BF4B-00C04F79EFBC}") = "Unity.CollabProxy.Editor", "Unity.CollabProxy.Editor.csproj", "{220c10cc-0adf-a6e5-1997-e8a8c6d1b543}"
EndProject
Project("{FAE04EC0-301F-11D3-BF4B-00C04F79EFBC}") = "Analytics", "Analytics.csproj", "{1fc1968a-8ea9-be28-80cc-988061712e82}"
EndProject
Project("{FAE04EC0-301F-11D3-BF4B-00C04F79EFBC}") = "Assembly-CSharp-Editor", "Assembly-CSharp-Editor.csproj", "{27c288f0-a0ed-77c5-67f2-c75eb6389227}"
EndProject
Project("{FAE04EC0-301F-11D3-BF4B-00C04F79EFBC}") = "UnityEngine.Purchasing.WinRT", "UnityEngine.Purchasing.WinRT.csproj", "{bf70ac6c-a797-f053-ddc2-5dcdc7dfb39d}"
EndProject
Project("{FAE04EC0-301F-11D3-BF4B-00C04F79EFBC}") = "UnityEngine.Purchasing.Apple", "UnityEngine.Purchasing.Apple.csproj", "{62103d81-6b54-7073-d91b-483f847cb585}"
EndProject
Project("{FAE04EC0-301F-11D3-BF4B-00C04F79EFBC}") = "Unity.Mathematics.Tests", "Unity.Mathematics.Tests.csproj", "{a7262ca4-3900-334f-9ef1-4507ab937ccb}"
EndProject
Project("{FAE04EC0-301F-11D3-BF4B-00C04F79EFBC}") = "Unity.Analytics.DataPrivacy.Tests", "Unity.Analytics.DataPrivacy.Tests.csproj", "{a0841c46-644b-3ed7-1ede-2e8981a6e365}"
EndProject
Project("{FAE04EC0-301F-11D3-BF4B-00C04F79EFBC}") = "UnityEngine.Advertisements.Editor.Tests", "UnityEngine.Advertisements.Editor.Tests.csproj", "{9c6fc5e8-290f-0dcb-1a09-f263a117ec8e}"
EndProject
Project("{FAE04EC0-301F-11D3-BF4B-00C04F79EFBC}") = "Unity.2D.Aseprite.EditorTests", "Unity.2D.Aseprite.EditorTests.csproj", "{f676a7e2-fc8b-5ae6-3856-1cf6577368c1}"
EndProject
Project("{FAE04EC0-301F-11D3-BF4B-00C04F79EFBC}") = "Unity.Burst.Tests.UnitTests", "Unity.Burst.Tests.UnitTests.csproj", "{3b57eef5-c372-feff-7336-b9417c4cd45b}"
EndProject
Project("{FAE04EC0-301F-11D3-BF4B-00C04F79EFBC}") = "Unity.2D.PixelPerfect.EditorTests", "Unity.2D.PixelPerfect.EditorTests.csproj", "{42264c51-5928-1b24-c49b-a6e46b5f682c}"
EndProject
Project("{FAE04EC0-301F-11D3-BF4B-00C04F79EFBC}") = "Unity.2D.SpriteShape.EditorTests", "Unity.2D.SpriteShape.EditorTests.csproj", "{0edebb95-6574-2eaf-d124-85d91d1ea73c}"
EndProject
Project("{FAE04EC0-301F-11D3-BF4B-00C04F79EFBC}") = "Unity.2D.Common.EditorTests", "Unity.2D.Common.EditorTests.csproj", "{9eadd418-8c00-34f6-2775-cd3e6e32561c}"
EndProject
Project("{FAE04EC0-301F-11D3-BF4B-00C04F79EFBC}") = "UnityEngine.Purchasing.Security", "UnityEngine.Purchasing.Security.csproj", "{3d1ec9d9-2792-4628-ed47-373c07874bd1}"
EndProject
Project("{FAE04EC0-301F-11D3-BF4B-00C04F79EFBC}") = "Unity.Burst.Editor.Tests", "Unity.Burst.Editor.Tests.csproj", "{b9ef90e2-ad2b-2e21-73c3-6eb1ae264b2a}"
EndProject
Project("{FAE04EC0-301F-11D3-BF4B-00C04F79EFBC}") = "Unity.AI.Navigation.Tests", "Unity.AI.Navigation.Tests.csproj", "{ea88c2c2-1f72-348e-6f0a-0ba6de469e68}"
EndProject
Project("{FAE04EC0-301F-11D3-BF4B-00C04F79EFBC}") = "UnityEditor.XR.LegacyInputHelpers.Tests", "UnityEditor.XR.LegacyInputHelpers.Tests.csproj", "{98186a40-3739-dde5-0640-cd477da9db8d}"
EndProject
Project("{FAE04EC0-301F-11D3-BF4B-00C04F79EFBC}") = "Unity.TextMeshPro.Editor.Tests", "Unity.TextMeshPro.Editor.Tests.csproj", "{9f4a6b33-7f33-8043-4f7d-f9e64340b069}"
EndProject
Project("{FAE04EC0-301F-11D3-BF4B-00C04F79EFBC}") = "UnityEngine.Purchasing.AppleMacos", "UnityEngine.Purchasing.AppleMacos.csproj", "{1fe590d9-9b23-392f-edc0-79f2b2179176}"
EndProject
Project("{FAE04EC0-301F-11D3-BF4B-00C04F79EFBC}") = "DocCodeExamples", "DocCodeExamples.csproj", "{4c54a754-9080-fa49-cf19-f004f7c8d774}"
EndProject
Project("{FAE04EC0-301F-11D3-BF4B-00C04F79EFBC}") = "UnityEngine.Advertisements.Tests", "UnityEngine.Advertisements.Tests.csproj", "{0b7acb43-a576-5f7e-991e-37d26a7469bc}"
EndProject
Project("{FAE04EC0-301F-11D3-BF4B-00C04F79EFBC}") = "Unity.Collections.Tests", "Unity.Collections.Tests.csproj", "{5de6dd7d-58cf-4ec7-bd05-a1eef4694814}"
EndProject
Project("{FAE04EC0-301F-11D3-BF4B-00C04F79EFBC}") = "Unity.2D.Psdimporter.EditorTests", "Unity.2D.Psdimporter.EditorTests.csproj", "{ad07071b-e1af-77fc-c460-84ccaaab9067}"
EndProject
Project("{FAE04EC0-301F-11D3-BF4B-00C04F79EFBC}") = "Unity.AI.Navigation.Editor.Tests", "Unity.AI.Navigation.Editor.Tests.csproj", "{e8f79548-c70a-8db3-e0bb-7aecf90256f8}"
EndProject
Project("{FAE04EC0-301F-11D3-BF4B-00C04F79EFBC}") = "Unity.InputSystem.IntegrationTests", "Unity.InputSystem.IntegrationTests.csproj", "{28934113-8e30-f211-03a1-1b9557649734}"
EndProject
Project("{FAE04EC0-301F-11D3-BF4B-00C04F79EFBC}") = "Unity.Collections.Tests.Playmode", "Unity.Collections.Tests.Playmode.csproj", "{f971b7d8-b6c5-acfd-d7c9-3d0c06292933}"
EndProject
Project("{FAE04EC0-301F-11D3-BF4B-00C04F79EFBC}") = "Unity.2D.Animation.EditorTests", "Unity.2D.Animation.EditorTests.csproj", "{35f21749-bb7e-630f-7adc-e0851d95e912}"
EndProject
Project("{FAE04EC0-301F-11D3-BF4B-00C04F79EFBC}") = "Unity.TextMeshPro.Tests", "Unity.TextMeshPro.Tests.csproj", "{6270779a-c90d-9d04-acf6-ca3c0070ed1e}"
EndProject
Project("{FAE04EC0-301F-11D3-BF4B-00C04F79EFBC}") = "SeparateAssembly", "SeparateAssembly.csproj", "{01bca573-4feb-63d7-698a-1662b0537d71}"
EndProject
Project("{FAE04EC0-301F-11D3-BF4B-00C04F79EFBC}") = "Unity.Analytics.StandardEvents.EditorTests", "Unity.Analytics.StandardEvents.EditorTests.csproj", "{1379ed4d-4dda-7bb4-859f-e37bbb81949b}"
EndProject
Project("{FAE04EC0-301F-11D3-BF4B-00C04F79EFBC}") = "UnityEngine.SpatialTracking.Tests", "UnityEngine.SpatialTracking.Tests.csproj", "{010c66e6-1fbd-6982-4f60-4e7ad06166f1}"
EndProject
Project("{FAE04EC0-301F-11D3-BF4B-00C04F79EFBC}") = "Unity.2D.Tilemap.Extras.Placeholder.EditorTests", "Unity.2D.Tilemap.Extras.Placeholder.EditorTests.csproj", "{e8232b45-d280-c935-35ee-b610c050e910}"
EndProject
Project("{FAE04EC0-301F-11D3-BF4B-00C04F79EFBC}") = "OverloadedFunctionPointers", "OverloadedFunctionPointers.csproj", "{805ea85f-9adb-1abd-aad9-60879157080b}"
EndProject
Global
	GlobalSection(SolutionConfigurationPlatforms) = preSolution
		Debug|Any CPU = Debug|Any CPU
	EndGlobalSection
	GlobalSection(ProjectConfigurationPlatforms) = postSolution
		{042b0946-cde8-757e-114d-687132b62833}.Debug|Any CPU.ActiveCfg = Debug|Any CPU
		{042b0946-cde8-757e-114d-687132b62833}.Debug|Any CPU.Build.0 = Debug|Any CPU
		{bf33309b-a477-3909-6893-c6d2727be5ff}.Debug|Any CPU.ActiveCfg = Debug|Any CPU
		{bf33309b-a477-3909-6893-c6d2727be5ff}.Debug|Any CPU.Build.0 = Debug|Any CPU
		{6513df32-2fa7-2d95-9578-e7ac597231ba}.Debug|Any CPU.ActiveCfg = Debug|Any CPU
		{6513df32-2fa7-2d95-9578-e7ac597231ba}.Debug|Any CPU.Build.0 = Debug|Any CPU
		{31286618-9723-1321-6a26-ce248326e362}.Debug|Any CPU.ActiveCfg = Debug|Any CPU
		{31286618-9723-1321-6a26-ce248326e362}.Debug|Any CPU.Build.0 = Debug|Any CPU
		{8bfa9274-b4cb-f14d-e817-6899620fb289}.Debug|Any CPU.ActiveCfg = Debug|Any CPU
		{8bfa9274-b4cb-f14d-e817-6899620fb289}.Debug|Any CPU.Build.0 = Debug|Any CPU
		{d52215c3-5dca-ae11-250c-abe234182e2a}.Debug|Any CPU.ActiveCfg = Debug|Any CPU
		{d52215c3-5dca-ae11-250c-abe234182e2a}.Debug|Any CPU.Build.0 = Debug|Any CPU
		{d00381b7-ac1e-4f52-45aa-445fa42ad847}.Debug|Any CPU.ActiveCfg = Debug|Any CPU
		{d00381b7-ac1e-4f52-45aa-445fa42ad847}.Debug|Any CPU.Build.0 = Debug|Any CPU
		{ab67c1d9-48f1-a3ad-3979-a01bf5616350}.Debug|Any CPU.ActiveCfg = Debug|Any CPU
		{ab67c1d9-48f1-a3ad-3979-a01bf5616350}.Debug|Any CPU.Build.0 = Debug|Any CPU
		{419d5e0d-3697-e485-ab3e-b8ddc653671f}.Debug|Any CPU.ActiveCfg = Debug|Any CPU
		{419d5e0d-3697-e485-ab3e-b8ddc653671f}.Debug|Any CPU.Build.0 = Debug|Any CPU
		{2e541a17-e19f-ab2d-18cc-7334c0081895}.Debug|Any CPU.ActiveCfg = Debug|Any CPU
		{2e541a17-e19f-ab2d-18cc-7334c0081895}.Debug|Any CPU.Build.0 = Debug|Any CPU
		{0d8cde5b-78d2-aee1-2c8e-dfdea97b8512}.Debug|Any CPU.ActiveCfg = Debug|Any CPU
		{0d8cde5b-78d2-aee1-2c8e-dfdea97b8512}.Debug|Any CPU.Build.0 = Debug|Any CPU
		{560b37cf-e7df-a562-e18a-0a57a9d897bb}.Debug|Any CPU.ActiveCfg = Debug|Any CPU
		{560b37cf-e7df-a562-e18a-0a57a9d897bb}.Debug|Any CPU.Build.0 = Debug|Any CPU
		{43097d03-f5b7-a478-e8b9-4387da40b2cf}.Debug|Any CPU.ActiveCfg = Debug|Any CPU
		{43097d03-f5b7-a478-e8b9-4387da40b2cf}.Debug|Any CPU.Build.0 = Debug|Any CPU
		{c25ca3a8-0046-7fef-a303-21aada8968db}.Debug|Any CPU.ActiveCfg = Debug|Any CPU
		{c25ca3a8-0046-7fef-a303-21aada8968db}.Debug|Any CPU.Build.0 = Debug|Any CPU
		{b89cf299-5da5-a839-1551-9154fbcaf01e}.Debug|Any CPU.ActiveCfg = Debug|Any CPU
		{b89cf299-5da5-a839-1551-9154fbcaf01e}.Debug|Any CPU.Build.0 = Debug|Any CPU
		{fd54264a-ca75-f378-94b2-2de899f4e98a}.Debug|Any CPU.ActiveCfg = Debug|Any CPU
		{fd54264a-ca75-f378-94b2-2de899f4e98a}.Debug|Any CPU.Build.0 = Debug|Any CPU
		{20833c1e-c103-d8fd-9a38-a0c7a82ff2e3}.Debug|Any CPU.ActiveCfg = Debug|Any CPU
		{20833c1e-c103-d8fd-9a38-a0c7a82ff2e3}.Debug|Any CPU.Build.0 = Debug|Any CPU
		{683e2fff-45f9-a160-b7af-39e4f9995e63}.Debug|Any CPU.ActiveCfg = Debug|Any CPU
		{683e2fff-45f9-a160-b7af-39e4f9995e63}.Debug|Any CPU.Build.0 = Debug|Any CPU
		{6e496d65-0b56-0e94-9f03-0c568d093c33}.Debug|Any CPU.ActiveCfg = Debug|Any CPU
		{6e496d65-0b56-0e94-9f03-0c568d093c33}.Debug|Any CPU.Build.0 = Debug|Any CPU
		{00628d0f-ded2-3155-8a3f-2fd1f6ded572}.Debug|Any CPU.ActiveCfg = Debug|Any CPU
		{00628d0f-ded2-3155-8a3f-2fd1f6ded572}.Debug|Any CPU.Build.0 = Debug|Any CPU
		{20d0d119-f767-d50d-f814-047cdeaf9e1c}.Debug|Any CPU.ActiveCfg = Debug|Any CPU
		{20d0d119-f767-d50d-f814-047cdeaf9e1c}.Debug|Any CPU.Build.0 = Debug|Any CPU
		{8fe33a24-002f-231a-d25b-8160d1a38085}.Debug|Any CPU.ActiveCfg = Debug|Any CPU
		{8fe33a24-002f-231a-d25b-8160d1a38085}.Debug|Any CPU.Build.0 = Debug|Any CPU
		{f4d89029-e05f-0a7e-88d7-61c99f0909be}.Debug|Any CPU.ActiveCfg = Debug|Any CPU
		{f4d89029-e05f-0a7e-88d7-61c99f0909be}.Debug|Any CPU.Build.0 = Debug|Any CPU
		{e84823a5-0be8-80f7-7b9d-8be9bdc2e9ed}.Debug|Any CPU.ActiveCfg = Debug|Any CPU
		{e84823a5-0be8-80f7-7b9d-8be9bdc2e9ed}.Debug|Any CPU.Build.0 = Debug|Any CPU
		{b9b7f566-4a81-e448-ed51-c2b646eb4894}.Debug|Any CPU.ActiveCfg = Debug|Any CPU
		{b9b7f566-4a81-e448-ed51-c2b646eb4894}.Debug|Any CPU.Build.0 = Debug|Any CPU
		{e81792c2-3e6d-9c25-9642-c566935d0d6a}.Debug|Any CPU.ActiveCfg = Debug|Any CPU
		{e81792c2-3e6d-9c25-9642-c566935d0d6a}.Debug|Any CPU.Build.0 = Debug|Any CPU
		{9b31e530-fbf0-11f3-1925-5229d967a277}.Debug|Any CPU.ActiveCfg = Debug|Any CPU
		{9b31e530-fbf0-11f3-1925-5229d967a277}.Debug|Any CPU.Build.0 = Debug|Any CPU
		{1a633b47-0aba-05af-4320-a92ca71aaf50}.Debug|Any CPU.ActiveCfg = Debug|Any CPU
		{1a633b47-0aba-05af-4320-a92ca71aaf50}.Debug|Any CPU.Build.0 = Debug|Any CPU
		{e0966b98-a025-1209-0601-77172299fdf7}.Debug|Any CPU.ActiveCfg = Debug|Any CPU
		{e0966b98-a025-1209-0601-77172299fdf7}.Debug|Any CPU.Build.0 = Debug|Any CPU
		{d4c2463c-b590-bb8f-ba9c-1cab4eae0671}.Debug|Any CPU.ActiveCfg = Debug|Any CPU
		{d4c2463c-b590-bb8f-ba9c-1cab4eae0671}.Debug|Any CPU.Build.0 = Debug|Any CPU
		{013de0c5-dae4-3c72-b2fd-ca2c9d080372}.Debug|Any CPU.ActiveCfg = Debug|Any CPU
		{013de0c5-dae4-3c72-b2fd-ca2c9d080372}.Debug|Any CPU.Build.0 = Debug|Any CPU
		{9f7d7861-1fe7-55ac-b7af-6a5ec536630e}.Debug|Any CPU.ActiveCfg = Debug|Any CPU
		{9f7d7861-1fe7-55ac-b7af-6a5ec536630e}.Debug|Any CPU.Build.0 = Debug|Any CPU
		{62f77be3-44f4-4142-77d3-d0ebfaa15eed}.Debug|Any CPU.ActiveCfg = Debug|Any CPU
		{62f77be3-44f4-4142-77d3-d0ebfaa15eed}.Debug|Any CPU.Build.0 = Debug|Any CPU
		{66bb418d-6a76-3171-8ad2-2a8c16610066}.Debug|Any CPU.ActiveCfg = Debug|Any CPU
		{66bb418d-6a76-3171-8ad2-2a8c16610066}.Debug|Any CPU.Build.0 = Debug|Any CPU
		{ef60ef9a-efbb-e61f-caf7-286547415b76}.Debug|Any CPU.ActiveCfg = Debug|Any CPU
		{ef60ef9a-efbb-e61f-caf7-286547415b76}.Debug|Any CPU.Build.0 = Debug|Any CPU
		{16dd99ca-f634-da3e-d014-f29117154146}.Debug|Any CPU.ActiveCfg = Debug|Any CPU
		{16dd99ca-f634-da3e-d014-f29117154146}.Debug|Any CPU.Build.0 = Debug|Any CPU
		{f77758f5-0e0b-2acd-ec55-07e847a3d290}.Debug|Any CPU.ActiveCfg = Debug|Any CPU
		{f77758f5-0e0b-2acd-ec55-07e847a3d290}.Debug|Any CPU.Build.0 = Debug|Any CPU
		{4f137dd6-74c4-8776-354e-b69c1a1aeda7}.Debug|Any CPU.ActiveCfg = Debug|Any CPU
		{4f137dd6-74c4-8776-354e-b69c1a1aeda7}.Debug|Any CPU.Build.0 = Debug|Any CPU
		{1459a373-10e8-e109-6daa-5a6a31b923f5}.Debug|Any CPU.ActiveCfg = Debug|Any CPU
		{1459a373-10e8-e109-6daa-5a6a31b923f5}.Debug|Any CPU.Build.0 = Debug|Any CPU
		{882fe659-4a61-c662-5fa3-8c07efb32435}.Debug|Any CPU.ActiveCfg = Debug|Any CPU
		{882fe659-4a61-c662-5fa3-8c07efb32435}.Debug|Any CPU.Build.0 = Debug|Any CPU
		{55893f89-b25f-2b99-308d-35d7a971f1dc}.Debug|Any CPU.ActiveCfg = Debug|Any CPU
		{55893f89-b25f-2b99-308d-35d7a971f1dc}.Debug|Any CPU.Build.0 = Debug|Any CPU
		{c275cebd-1eca-8e2a-b94d-c1667b1d0e04}.Debug|Any CPU.ActiveCfg = Debug|Any CPU
		{c275cebd-1eca-8e2a-b94d-c1667b1d0e04}.Debug|Any CPU.Build.0 = Debug|Any CPU
		{b14b267e-4cc0-b243-c838-4916cffea2c8}.Debug|Any CPU.ActiveCfg = Debug|Any CPU
		{b14b267e-4cc0-b243-c838-4916cffea2c8}.Debug|Any CPU.Build.0 = Debug|Any CPU
		{5b2834d8-9676-415c-71d9-28ce9d76dbda}.Debug|Any CPU.ActiveCfg = Debug|Any CPU
		{5b2834d8-9676-415c-71d9-28ce9d76dbda}.Debug|Any CPU.Build.0 = Debug|Any CPU
		{74787dbc-d5d1-efe6-a290-44b955ec1635}.Debug|Any CPU.ActiveCfg = Debug|Any CPU
		{74787dbc-d5d1-efe6-a290-44b955ec1635}.Debug|Any CPU.Build.0 = Debug|Any CPU
		{cf782ca5-ed8a-703d-6674-e5eb0f007b23}.Debug|Any CPU.ActiveCfg = Debug|Any CPU
		{cf782ca5-ed8a-703d-6674-e5eb0f007b23}.Debug|Any CPU.Build.0 = Debug|Any CPU
		{1b8a397c-0a1b-6639-5d23-d12bff1b6f96}.Debug|Any CPU.ActiveCfg = Debug|Any CPU
		{1b8a397c-0a1b-6639-5d23-d12bff1b6f96}.Debug|Any CPU.Build.0 = Debug|Any CPU
		{f952dace-653d-abd7-11b4-346365b8d09e}.Debug|Any CPU.ActiveCfg = Debug|Any CPU
		{f952dace-653d-abd7-11b4-346365b8d09e}.Debug|Any CPU.Build.0 = Debug|Any CPU
		{ce1346f7-515d-a16a-e35b-c94438f0b4d0}.Debug|Any CPU.ActiveCfg = Debug|Any CPU
		{ce1346f7-515d-a16a-e35b-c94438f0b4d0}.Debug|Any CPU.Build.0 = Debug|Any CPU
		{ca77dff1-1d6c-6872-e191-b7005e879017}.Debug|Any CPU.ActiveCfg = Debug|Any CPU
		{ca77dff1-1d6c-6872-e191-b7005e879017}.Debug|Any CPU.Build.0 = Debug|Any CPU
		{f293c454-fb76-bb38-05ef-93fc0930325c}.Debug|Any CPU.ActiveCfg = Debug|Any CPU
		{f293c454-fb76-bb38-05ef-93fc0930325c}.Debug|Any CPU.Build.0 = Debug|Any CPU
		{4fa59e85-c45d-825e-6d75-f23af6128a3d}.Debug|Any CPU.ActiveCfg = Debug|Any CPU
		{4fa59e85-c45d-825e-6d75-f23af6128a3d}.Debug|Any CPU.Build.0 = Debug|Any CPU
		{491814d4-8579-fdcd-2ba8-c50e299edee6}.Debug|Any CPU.ActiveCfg = Debug|Any CPU
		{491814d4-8579-fdcd-2ba8-c50e299edee6}.Debug|Any CPU.Build.0 = Debug|Any CPU
		{d6aa22d9-444e-0dd4-3655-f8b4c5211ff3}.Debug|Any CPU.ActiveCfg = Debug|Any CPU
		{d6aa22d9-444e-0dd4-3655-f8b4c5211ff3}.Debug|Any CPU.Build.0 = Debug|Any CPU
		{0a896d5a-36b1-1a81-404a-ae93f942c79d}.Debug|Any CPU.ActiveCfg = Debug|Any CPU
		{0a896d5a-36b1-1a81-404a-ae93f942c79d}.Debug|Any CPU.Build.0 = Debug|Any CPU
		{64a99e0a-4851-11ff-7860-3e9ccb15d94c}.Debug|Any CPU.ActiveCfg = Debug|Any CPU
		{64a99e0a-4851-11ff-7860-3e9ccb15d94c}.Debug|Any CPU.Build.0 = Debug|Any CPU
		{43432d02-6306-a99b-421c-eb77c83fcd75}.Debug|Any CPU.ActiveCfg = Debug|Any CPU
		{43432d02-6306-a99b-421c-eb77c83fcd75}.Debug|Any CPU.Build.0 = Debug|Any CPU
		{442607f4-117c-3f30-160a-45cc9b5ed0eb}.Debug|Any CPU.ActiveCfg = Debug|Any CPU
		{442607f4-117c-3f30-160a-45cc9b5ed0eb}.Debug|Any CPU.Build.0 = Debug|Any CPU
		{8a3993cd-029b-ada3-c7d2-1bbed4eefcd9}.Debug|Any CPU.ActiveCfg = Debug|Any CPU
		{8a3993cd-029b-ada3-c7d2-1bbed4eefcd9}.Debug|Any CPU.Build.0 = Debug|Any CPU
		{dbbc6ccc-9cb8-afdd-1712-5b2b0c04cd41}.Debug|Any CPU.ActiveCfg = Debug|Any CPU
		{dbbc6ccc-9cb8-afdd-1712-5b2b0c04cd41}.Debug|Any CPU.Build.0 = Debug|Any CPU
		{d0dae03b-74df-9c59-dbbc-323a8b664d9a}.Debug|Any CPU.ActiveCfg = Debug|Any CPU
		{d0dae03b-74df-9c59-dbbc-323a8b664d9a}.Debug|Any CPU.Build.0 = Debug|Any CPU
		{131e2c5f-95d0-3032-3030-5d3299893a90}.Debug|Any CPU.ActiveCfg = Debug|Any CPU
		{131e2c5f-95d0-3032-3030-5d3299893a90}.Debug|Any CPU.Build.0 = Debug|Any CPU
		{3575f53f-b4e2-cc9a-0702-3f94d38af627}.Debug|Any CPU.ActiveCfg = Debug|Any CPU
		{3575f53f-b4e2-cc9a-0702-3f94d38af627}.Debug|Any CPU.Build.0 = Debug|Any CPU
		{0f2da704-b7c3-98f4-4fde-5f122e9ee513}.Debug|Any CPU.ActiveCfg = Debug|Any CPU
		{0f2da704-b7c3-98f4-4fde-5f122e9ee513}.Debug|Any CPU.Build.0 = Debug|Any CPU
		{705ecf5c-e57f-5500-5b69-18ac9813c581}.Debug|Any CPU.ActiveCfg = Debug|Any CPU
		{705ecf5c-e57f-5500-5b69-18ac9813c581}.Debug|Any CPU.Build.0 = Debug|Any CPU
		{39411cc5-5b76-79f5-24cc-35eb609c5c30}.Debug|Any CPU.ActiveCfg = Debug|Any CPU
		{39411cc5-5b76-79f5-24cc-35eb609c5c30}.Debug|Any CPU.Build.0 = Debug|Any CPU
		{2e2eb2d0-aa86-f05e-7696-8ed9087a10a5}.Debug|Any CPU.ActiveCfg = Debug|Any CPU
		{2e2eb2d0-aa86-f05e-7696-8ed9087a10a5}.Debug|Any CPU.Build.0 = Debug|Any CPU
		{fa4bfd62-4356-5b09-7323-290beea5df7a}.Debug|Any CPU.ActiveCfg = Debug|Any CPU
		{fa4bfd62-4356-5b09-7323-290beea5df7a}.Debug|Any CPU.Build.0 = Debug|Any CPU
		{958471a5-38ae-5b2e-74ab-6f2da3f6d731}.Debug|Any CPU.ActiveCfg = Debug|Any CPU
		{958471a5-38ae-5b2e-74ab-6f2da3f6d731}.Debug|Any CPU.Build.0 = Debug|Any CPU
		{2e596daa-1985-e585-33d5-b5d10d4abd60}.Debug|Any CPU.ActiveCfg = Debug|Any CPU
		{2e596daa-1985-e585-33d5-b5d10d4abd60}.Debug|Any CPU.Build.0 = Debug|Any CPU
		{fb957af4-8f61-527f-37a0-9aa6f58d161a}.Debug|Any CPU.ActiveCfg = Debug|Any CPU
		{fb957af4-8f61-527f-37a0-9aa6f58d161a}.Debug|Any CPU.Build.0 = Debug|Any CPU
		{78906a6f-8c86-e438-acfc-18cb9c040caa}.Debug|Any CPU.ActiveCfg = Debug|Any CPU
		{78906a6f-8c86-e438-acfc-18cb9c040caa}.Debug|Any CPU.Build.0 = Debug|Any CPU
		{b51ca4cc-3104-cb59-a394-874d0897e3b0}.Debug|Any CPU.ActiveCfg = Debug|Any CPU
		{b51ca4cc-3104-cb59-a394-874d0897e3b0}.Debug|Any CPU.Build.0 = Debug|Any CPU
		{15c11d89-f801-72f8-5016-addb3f34c104}.Debug|Any CPU.ActiveCfg = Debug|Any CPU
		{15c11d89-f801-72f8-5016-addb3f34c104}.Debug|Any CPU.Build.0 = Debug|Any CPU
		{06f43b78-8280-ee3e-a608-9495172b74c6}.Debug|Any CPU.ActiveCfg = Debug|Any CPU
		{06f43b78-8280-ee3e-a608-9495172b74c6}.Debug|Any CPU.Build.0 = Debug|Any CPU
		{218f22df-5c0d-9282-2f24-05327bfeac84}.Debug|Any CPU.ActiveCfg = Debug|Any CPU
		{218f22df-5c0d-9282-2f24-05327bfeac84}.Debug|Any CPU.Build.0 = Debug|Any CPU
		{c2f46728-5eaf-6a43-f3a2-332af97be90d}.Debug|Any CPU.ActiveCfg = Debug|Any CPU
		{c2f46728-5eaf-6a43-f3a2-332af97be90d}.Debug|Any CPU.Build.0 = Debug|Any CPU
		{bb6bbe5d-83c7-3534-6da3-364c9a58f2ce}.Debug|Any CPU.ActiveCfg = Debug|Any CPU
		{bb6bbe5d-83c7-3534-6da3-364c9a58f2ce}.Debug|Any CPU.Build.0 = Debug|Any CPU
		{10c055aa-516f-79a2-ffdd-e0156d6d6541}.Debug|Any CPU.ActiveCfg = Debug|Any CPU
		{10c055aa-516f-79a2-ffdd-e0156d6d6541}.Debug|Any CPU.Build.0 = Debug|Any CPU
		{fed08cb2-982c-93a5-8832-063748622432}.Debug|Any CPU.ActiveCfg = Debug|Any CPU
		{fed08cb2-982c-93a5-8832-063748622432}.Debug|Any CPU.Build.0 = Debug|Any CPU
		{42c22bc1-22ad-6f3a-9135-1b06cd1a316b}.Debug|Any CPU.ActiveCfg = Debug|Any CPU
		{42c22bc1-22ad-6f3a-9135-1b06cd1a316b}.Debug|Any CPU.Build.0 = Debug|Any CPU
		{4876c805-fd12-7a43-cae8-021c52160270}.Debug|Any CPU.ActiveCfg = Debug|Any CPU
		{4876c805-fd12-7a43-cae8-021c52160270}.Debug|Any CPU.Build.0 = Debug|Any CPU
		{72f68921-4355-3c5c-4549-0134539a3f4c}.Debug|Any CPU.ActiveCfg = Debug|Any CPU
		{72f68921-4355-3c5c-4549-0134539a3f4c}.Debug|Any CPU.Build.0 = Debug|Any CPU
		{d743cc93-80e0-dfd4-ce0f-16c670a11290}.Debug|Any CPU.ActiveCfg = Debug|Any CPU
		{d743cc93-80e0-dfd4-ce0f-16c670a11290}.Debug|Any CPU.Build.0 = Debug|Any CPU
		{07a2d79e-7022-eb47-57bb-e805eda4904d}.Debug|Any CPU.ActiveCfg = Debug|Any CPU
		{07a2d79e-7022-eb47-57bb-e805eda4904d}.Debug|Any CPU.Build.0 = Debug|Any CPU
		{30335f3a-c23e-52c4-ee10-0fd53b9c3d73}.Debug|Any CPU.ActiveCfg = Debug|Any CPU
		{30335f3a-c23e-52c4-ee10-0fd53b9c3d73}.Debug|Any CPU.Build.0 = Debug|Any CPU
		{7273635a-b60b-7043-6d4c-a6a7c2ec2da5}.Debug|Any CPU.ActiveCfg = Debug|Any CPU
		{7273635a-b60b-7043-6d4c-a6a7c2ec2da5}.Debug|Any CPU.Build.0 = Debug|Any CPU
		{b7427c2a-6f39-b36c-98da-6fd8c1d102a7}.Debug|Any CPU.ActiveCfg = Debug|Any CPU
		{b7427c2a-6f39-b36c-98da-6fd8c1d102a7}.Debug|Any CPU.Build.0 = Debug|Any CPU
		{95e5cdf4-aaee-c8fe-d877-7dfc3c39055d}.Debug|Any CPU.ActiveCfg = Debug|Any CPU
		{95e5cdf4-aaee-c8fe-d877-7dfc3c39055d}.Debug|Any CPU.Build.0 = Debug|Any CPU
		{6aec4d15-84b8-5ea1-e882-954550381b8e}.Debug|Any CPU.ActiveCfg = Debug|Any CPU
		{6aec4d15-84b8-5ea1-e882-954550381b8e}.Debug|Any CPU.Build.0 = Debug|Any CPU
		{3df0b26c-1067-ecb8-0171-55e2f39f4b5f}.Debug|Any CPU.ActiveCfg = Debug|Any CPU
		{3df0b26c-1067-ecb8-0171-55e2f39f4b5f}.Debug|Any CPU.Build.0 = Debug|Any CPU
		{1b171002-fe9e-601f-a328-c2204142bc44}.Debug|Any CPU.ActiveCfg = Debug|Any CPU
		{1b171002-fe9e-601f-a328-c2204142bc44}.Debug|Any CPU.Build.0 = Debug|Any CPU
		{77b1534a-3bef-6bb9-be9b-d1284be4b267}.Debug|Any CPU.ActiveCfg = Debug|Any CPU
		{77b1534a-3bef-6bb9-be9b-d1284be4b267}.Debug|Any CPU.Build.0 = Debug|Any CPU
		{220c10cc-0adf-a6e5-1997-e8a8c6d1b543}.Debug|Any CPU.ActiveCfg = Debug|Any CPU
		{220c10cc-0adf-a6e5-1997-e8a8c6d1b543}.Debug|Any CPU.Build.0 = Debug|Any CPU
		{1fc1968a-8ea9-be28-80cc-988061712e82}.Debug|Any CPU.ActiveCfg = Debug|Any CPU
		{1fc1968a-8ea9-be28-80cc-988061712e82}.Debug|Any CPU.Build.0 = Debug|Any CPU
		{27c288f0-a0ed-77c5-67f2-c75eb6389227}.Debug|Any CPU.ActiveCfg = Debug|Any CPU
		{27c288f0-a0ed-77c5-67f2-c75eb6389227}.Debug|Any CPU.Build.0 = Debug|Any CPU
		{bf70ac6c-a797-f053-ddc2-5dcdc7dfb39d}.Debug|Any CPU.ActiveCfg = Debug|Any CPU
		{bf70ac6c-a797-f053-ddc2-5dcdc7dfb39d}.Debug|Any CPU.Build.0 = Debug|Any CPU
		{62103d81-6b54-7073-d91b-483f847cb585}.Debug|Any CPU.ActiveCfg = Debug|Any CPU
		{62103d81-6b54-7073-d91b-483f847cb585}.Debug|Any CPU.Build.0 = Debug|Any CPU
		{a7262ca4-3900-334f-9ef1-4507ab937ccb}.Debug|Any CPU.ActiveCfg = Debug|Any CPU
		{a7262ca4-3900-334f-9ef1-4507ab937ccb}.Debug|Any CPU.Build.0 = Debug|Any CPU
		{a0841c46-644b-3ed7-1ede-2e8981a6e365}.Debug|Any CPU.ActiveCfg = Debug|Any CPU
		{a0841c46-644b-3ed7-1ede-2e8981a6e365}.Debug|Any CPU.Build.0 = Debug|Any CPU
		{9c6fc5e8-290f-0dcb-1a09-f263a117ec8e}.Debug|Any CPU.ActiveCfg = Debug|Any CPU
		{9c6fc5e8-290f-0dcb-1a09-f263a117ec8e}.Debug|Any CPU.Build.0 = Debug|Any CPU
		{f676a7e2-fc8b-5ae6-3856-1cf6577368c1}.Debug|Any CPU.ActiveCfg = Debug|Any CPU
		{f676a7e2-fc8b-5ae6-3856-1cf6577368c1}.Debug|Any CPU.Build.0 = Debug|Any CPU
		{3b57eef5-c372-feff-7336-b9417c4cd45b}.Debug|Any CPU.ActiveCfg = Debug|Any CPU
		{3b57eef5-c372-feff-7336-b9417c4cd45b}.Debug|Any CPU.Build.0 = Debug|Any CPU
		{42264c51-5928-1b24-c49b-a6e46b5f682c}.Debug|Any CPU.ActiveCfg = Debug|Any CPU
		{42264c51-5928-1b24-c49b-a6e46b5f682c}.Debug|Any CPU.Build.0 = Debug|Any CPU
		{0edebb95-6574-2eaf-d124-85d91d1ea73c}.Debug|Any CPU.ActiveCfg = Debug|Any CPU
		{0edebb95-6574-2eaf-d124-85d91d1ea73c}.Debug|Any CPU.Build.0 = Debug|Any CPU
		{9eadd418-8c00-34f6-2775-cd3e6e32561c}.Debug|Any CPU.ActiveCfg = Debug|Any CPU
		{9eadd418-8c00-34f6-2775-cd3e6e32561c}.Debug|Any CPU.Build.0 = Debug|Any CPU
		{3d1ec9d9-2792-4628-ed47-373c07874bd1}.Debug|Any CPU.ActiveCfg = Debug|Any CPU
		{3d1ec9d9-2792-4628-ed47-373c07874bd1}.Debug|Any CPU.Build.0 = Debug|Any CPU
		{b9ef90e2-ad2b-2e21-73c3-6eb1ae264b2a}.Debug|Any CPU.ActiveCfg = Debug|Any CPU
		{b9ef90e2-ad2b-2e21-73c3-6eb1ae264b2a}.Debug|Any CPU.Build.0 = Debug|Any CPU
		{ea88c2c2-1f72-348e-6f0a-0ba6de469e68}.Debug|Any CPU.ActiveCfg = Debug|Any CPU
		{ea88c2c2-1f72-348e-6f0a-0ba6de469e68}.Debug|Any CPU.Build.0 = Debug|Any CPU
		{98186a40-3739-dde5-0640-cd477da9db8d}.Debug|Any CPU.ActiveCfg = Debug|Any CPU
		{98186a40-3739-dde5-0640-cd477da9db8d}.Debug|Any CPU.Build.0 = Debug|Any CPU
		{9f4a6b33-7f33-8043-4f7d-f9e64340b069}.Debug|Any CPU.ActiveCfg = Debug|Any CPU
		{9f4a6b33-7f33-8043-4f7d-f9e64340b069}.Debug|Any CPU.Build.0 = Debug|Any CPU
		{1fe590d9-9b23-392f-edc0-79f2b2179176}.Debug|Any CPU.ActiveCfg = Debug|Any CPU
		{1fe590d9-9b23-392f-edc0-79f2b2179176}.Debug|Any CPU.Build.0 = Debug|Any CPU
		{4c54a754-9080-fa49-cf19-f004f7c8d774}.Debug|Any CPU.ActiveCfg = Debug|Any CPU
		{4c54a754-9080-fa49-cf19-f004f7c8d774}.Debug|Any CPU.Build.0 = Debug|Any CPU
		{0b7acb43-a576-5f7e-991e-37d26a7469bc}.Debug|Any CPU.ActiveCfg = Debug|Any CPU
		{0b7acb43-a576-5f7e-991e-37d26a7469bc}.Debug|Any CPU.Build.0 = Debug|Any CPU
		{5de6dd7d-58cf-4ec7-bd05-a1eef4694814}.Debug|Any CPU.ActiveCfg = Debug|Any CPU
		{5de6dd7d-58cf-4ec7-bd05-a1eef4694814}.Debug|Any CPU.Build.0 = Debug|Any CPU
		{ad07071b-e1af-77fc-c460-84ccaaab9067}.Debug|Any CPU.ActiveCfg = Debug|Any CPU
		{ad07071b-e1af-77fc-c460-84ccaaab9067}.Debug|Any CPU.Build.0 = Debug|Any CPU
		{e8f79548-c70a-8db3-e0bb-7aecf90256f8}.Debug|Any CPU.ActiveCfg = Debug|Any CPU
		{e8f79548-c70a-8db3-e0bb-7aecf90256f8}.Debug|Any CPU.Build.0 = Debug|Any CPU
		{28934113-8e30-f211-03a1-1b9557649734}.Debug|Any CPU.ActiveCfg = Debug|Any CPU
		{28934113-8e30-f211-03a1-1b9557649734}.Debug|Any CPU.Build.0 = Debug|Any CPU
		{f971b7d8-b6c5-acfd-d7c9-3d0c06292933}.Debug|Any CPU.ActiveCfg = Debug|Any CPU
		{f971b7d8-b6c5-acfd-d7c9-3d0c06292933}.Debug|Any CPU.Build.0 = Debug|Any CPU
		{35f21749-bb7e-630f-7adc-e0851d95e912}.Debug|Any CPU.ActiveCfg = Debug|Any CPU
		{35f21749-bb7e-630f-7adc-e0851d95e912}.Debug|Any CPU.Build.0 = Debug|Any CPU
		{6270779a-c90d-9d04-acf6-ca3c0070ed1e}.Debug|Any CPU.ActiveCfg = Debug|Any CPU
		{6270779a-c90d-9d04-acf6-ca3c0070ed1e}.Debug|Any CPU.Build.0 = Debug|Any CPU
		{01bca573-4feb-63d7-698a-1662b0537d71}.Debug|Any CPU.ActiveCfg = Debug|Any CPU
		{01bca573-4feb-63d7-698a-1662b0537d71}.Debug|Any CPU.Build.0 = Debug|Any CPU
		{1379ed4d-4dda-7bb4-859f-e37bbb81949b}.Debug|Any CPU.ActiveCfg = Debug|Any CPU
		{1379ed4d-4dda-7bb4-859f-e37bbb81949b}.Debug|Any CPU.Build.0 = Debug|Any CPU
		{010c66e6-1fbd-6982-4f60-4e7ad06166f1}.Debug|Any CPU.ActiveCfg = Debug|Any CPU
		{010c66e6-1fbd-6982-4f60-4e7ad06166f1}.Debug|Any CPU.Build.0 = Debug|Any CPU
		{e8232b45-d280-c935-35ee-b610c050e910}.Debug|Any CPU.ActiveCfg = Debug|Any CPU
		{e8232b45-d280-c935-35ee-b610c050e910}.Debug|Any CPU.Build.0 = Debug|Any CPU
		{805ea85f-9adb-1abd-aad9-60879157080b}.Debug|Any CPU.ActiveCfg = Debug|Any CPU
		{805ea85f-9adb-1abd-aad9-60879157080b}.Debug|Any CPU.Build.0 = Debug|Any CPU
	EndGlobalSection
	GlobalSection(SolutionProperties) = preSolution
		HideSolutionNode = FALSE
	EndGlobalSection
EndGlobal
